// !$*UTF8*$!
{
	archiveVersion = 1;
	classes = {
	};
	objectVersion = 46;
	objects = {

/* Begin PBXBuildFile section */
		D72CF01314AD15AF003CCEF8 /* Bus.m in Sources */ = {isa = PBXBuildFile; fileRef = D72CF01214AD15AF003CCEF8 /* Bus.m */; };
		D72CF01714AD15C3003CCEF8 /* Line.m in Sources */ = {isa = PBXBuildFile; fileRef = D72CF01614AD15C3003CCEF8 /* Line.m */; };
		D72CF01A14AD15C3003CCEF8 /* BusStop.m in Sources */ = {isa = PBXBuildFile; fileRef = D72CF01914AD15C3003CCEF8 /* BusStop.m */; };
		D746590A14AA9B1D00F99E9C /* ASIAuthenticationDialog.m in Sources */ = {isa = PBXBuildFile; fileRef = D74658F514AA9B1D00F99E9C /* ASIAuthenticationDialog.m */; settings = {COMPILER_FLAGS = " -fno-objc-arc"; }; };
		D746590B14AA9B1D00F99E9C /* ASIDataCompressor.m in Sources */ = {isa = PBXBuildFile; fileRef = D74658F814AA9B1D00F99E9C /* ASIDataCompressor.m */; settings = {COMPILER_FLAGS = " -fno-objc-arc"; }; };
		D746590C14AA9B1D00F99E9C /* ASIDataDecompressor.m in Sources */ = {isa = PBXBuildFile; fileRef = D74658FA14AA9B1D00F99E9C /* ASIDataDecompressor.m */; settings = {COMPILER_FLAGS = " -fno-objc-arc"; }; };
		D746590D14AA9B1D00F99E9C /* ASIDownloadCache.m in Sources */ = {isa = PBXBuildFile; fileRef = D74658FC14AA9B1D00F99E9C /* ASIDownloadCache.m */; settings = {COMPILER_FLAGS = " -fno-objc-arc"; }; };
		D746590E14AA9B1D00F99E9C /* ASIFormDataRequest.m in Sources */ = {isa = PBXBuildFile; fileRef = D74658FE14AA9B1D00F99E9C /* ASIFormDataRequest.m */; settings = {COMPILER_FLAGS = " -fno-objc-arc"; }; };
		D746590F14AA9B1D00F99E9C /* ASIHTTPRequest.m in Sources */ = {isa = PBXBuildFile; fileRef = D746590014AA9B1D00F99E9C /* ASIHTTPRequest.m */; settings = {COMPILER_FLAGS = " -fno-objc-arc"; }; };
		D746591014AA9B1D00F99E9C /* ASIInputStream.m in Sources */ = {isa = PBXBuildFile; fileRef = D746590414AA9B1D00F99E9C /* ASIInputStream.m */; settings = {COMPILER_FLAGS = " -fno-objc-arc"; }; };
		D746591114AA9B1D00F99E9C /* ASINetworkQueue.m in Sources */ = {isa = PBXBuildFile; fileRef = D746590614AA9B1D00F99E9C /* ASINetworkQueue.m */; settings = {COMPILER_FLAGS = " -fno-objc-arc"; }; };
		D746591214AA9B1D00F99E9C /* Reachability.m in Sources */ = {isa = PBXBuildFile; fileRef = D746590914AA9B1D00F99E9C /* Reachability.m */; settings = {COMPILER_FLAGS = " -fno-objc-arc"; }; };
		D746591514AA9B9300F99E9C /* CFNetwork.framework in Frameworks */ = {isa = PBXBuildFile; fileRef = D746591414AA9B9300F99E9C /* CFNetwork.framework */; };
		D746591714AA9BBB00F99E9C /* SystemConfiguration.framework in Frameworks */ = {isa = PBXBuildFile; fileRef = D746591614AA9BBB00F99E9C /* SystemConfiguration.framework */; };
		D746591914AA9BC900F99E9C /* MobileCoreServices.framework in Frameworks */ = {isa = PBXBuildFile; fileRef = D746591814AA9BC900F99E9C /* MobileCoreServices.framework */; };
		D746591B14AA9BE700F99E9C /* libz.dylib in Frameworks */ = {isa = PBXBuildFile; fileRef = D746591A14AA9BE700F99E9C /* libz.dylib */; };
		E215E45414AA979400C3A4F2 /* UIKit.framework in Frameworks */ = {isa = PBXBuildFile; fileRef = E215E45314AA979400C3A4F2 /* UIKit.framework */; };
		E215E45614AA979400C3A4F2 /* Foundation.framework in Frameworks */ = {isa = PBXBuildFile; fileRef = E215E45514AA979400C3A4F2 /* Foundation.framework */; };
		E215E45814AA979400C3A4F2 /* CoreGraphics.framework in Frameworks */ = {isa = PBXBuildFile; fileRef = E215E45714AA979400C3A4F2 /* CoreGraphics.framework */; };
		E215E45A14AA979400C3A4F2 /* CoreData.framework in Frameworks */ = {isa = PBXBuildFile; fileRef = E215E45914AA979400C3A4F2 /* CoreData.framework */; };
		E215E46014AA979400C3A4F2 /* InfoPlist.strings in Resources */ = {isa = PBXBuildFile; fileRef = E215E45E14AA979400C3A4F2 /* InfoPlist.strings */; };
		E215E46214AA979400C3A4F2 /* main.m in Sources */ = {isa = PBXBuildFile; fileRef = E215E46114AA979400C3A4F2 /* main.m */; };
		E215E46614AA979500C3A4F2 /* AppDelegate.m in Sources */ = {isa = PBXBuildFile; fileRef = E215E46514AA979500C3A4F2 /* AppDelegate.m */; };
		E215E46914AA979500C3A4F2 /* MaisMobilis.xcdatamodeld in Sources */ = {isa = PBXBuildFile; fileRef = E215E46714AA979500C3A4F2 /* MaisMobilis.xcdatamodeld */; };
		E2E6142B14AB998A007AF944 /* WebBus.m in Sources */ = {isa = PBXBuildFile; fileRef = E2E6142A14AB998A007AF944 /* WebBus.m */; };
		E2E6142E14AB99AE007AF944 /* WebBusstops.m in Sources */ = {isa = PBXBuildFile; fileRef = E2E6142D14AB99AE007AF944 /* WebBusstops.m */; };
		E2E6143114AB99C3007AF944 /* WebLines.m in Sources */ = {isa = PBXBuildFile; fileRef = E2E6143014AB99C3007AF944 /* WebLines.m */; };
		E2E6143414ABA6BD007AF944 /* MaisMobilisWebService.m in Sources */ = {isa = PBXBuildFile; fileRef = E2E6143314ABA6BD007AF944 /* MaisMobilisWebService.m */; };
		E2E6147714ABAA57007AF944 /* NSObject+SBJson.m in Sources */ = {isa = PBXBuildFile; fileRef = E2E6145F14ABAA57007AF944 /* NSObject+SBJson.m */; settings = {COMPILER_FLAGS = " -fno-objc-arc"; }; };
		E2E6147814ABAA57007AF944 /* SBJsonParser.m in Sources */ = {isa = PBXBuildFile; fileRef = E2E6146214ABAA57007AF944 /* SBJsonParser.m */; settings = {COMPILER_FLAGS = " -fno-objc-arc"; }; };
		E2E6147914ABAA57007AF944 /* SBJsonStreamParser.m in Sources */ = {isa = PBXBuildFile; fileRef = E2E6146414ABAA57007AF944 /* SBJsonStreamParser.m */; settings = {COMPILER_FLAGS = " -fno-objc-arc"; }; };
		E2E6147A14ABAA57007AF944 /* SBJsonStreamParserAccumulator.m in Sources */ = {isa = PBXBuildFile; fileRef = E2E6146614ABAA57007AF944 /* SBJsonStreamParserAccumulator.m */; settings = {COMPILER_FLAGS = " -fno-objc-arc"; }; };
		E2E6147B14ABAA57007AF944 /* SBJsonStreamParserAdapter.m in Sources */ = {isa = PBXBuildFile; fileRef = E2E6146814ABAA57007AF944 /* SBJsonStreamParserAdapter.m */; settings = {COMPILER_FLAGS = " -fno-objc-arc"; }; };
		E2E6147C14ABAA57007AF944 /* SBJsonStreamParserState.m in Sources */ = {isa = PBXBuildFile; fileRef = E2E6146A14ABAA57007AF944 /* SBJsonStreamParserState.m */; settings = {COMPILER_FLAGS = " -fno-objc-arc"; }; };
		E2E6147D14ABAA57007AF944 /* SBJsonStreamWriter.m in Sources */ = {isa = PBXBuildFile; fileRef = E2E6146C14ABAA57007AF944 /* SBJsonStreamWriter.m */; settings = {COMPILER_FLAGS = " -fno-objc-arc"; }; };
		E2E6147E14ABAA57007AF944 /* SBJsonStreamWriterAccumulator.m in Sources */ = {isa = PBXBuildFile; fileRef = E2E6146E14ABAA57007AF944 /* SBJsonStreamWriterAccumulator.m */; settings = {COMPILER_FLAGS = " -fno-objc-arc"; }; };
		E2E6147F14ABAA57007AF944 /* SBJsonStreamWriterState.m in Sources */ = {isa = PBXBuildFile; fileRef = E2E6147014ABAA57007AF944 /* SBJsonStreamWriterState.m */; settings = {COMPILER_FLAGS = " -fno-objc-arc"; }; };
		E2E6148014ABAA57007AF944 /* SBJsonTokeniser.m in Sources */ = {isa = PBXBuildFile; fileRef = E2E6147214ABAA57007AF944 /* SBJsonTokeniser.m */; settings = {COMPILER_FLAGS = " -fno-objc-arc"; }; };
		E2E6148114ABAA57007AF944 /* SBJsonUTF8Stream.m in Sources */ = {isa = PBXBuildFile; fileRef = E2E6147414ABAA57007AF944 /* SBJsonUTF8Stream.m */; settings = {COMPILER_FLAGS = " -fno-objc-arc"; }; };
		E2E6148214ABAA57007AF944 /* SBJsonWriter.m in Sources */ = {isa = PBXBuildFile; fileRef = E2E6147614ABAA57007AF944 /* SBJsonWriter.m */; settings = {COMPILER_FLAGS = " -fno-objc-arc"; }; };
		E2E6148314ABAAF7007AF944 /* SBJsonStreamParser.h in Sources */ = {isa = PBXBuildFile; fileRef = E2E6146314ABAA57007AF944 /* SBJsonStreamParser.h */; settings = {COMPILER_FLAGS = " -fno-objc-arc"; }; };
/* End PBXBuildFile section */

/* Begin PBXFileReference section */
		D72CF01114AD15AF003CCEF8 /* Bus.h */ = {isa = PBXFileReference; fileEncoding = 4; lastKnownFileType = sourcecode.c.h; path = Bus.h; sourceTree = "<group>"; };
		D72CF01214AD15AF003CCEF8 /* Bus.m */ = {isa = PBXFileReference; fileEncoding = 4; lastKnownFileType = sourcecode.c.objc; path = Bus.m; sourceTree = "<group>"; };
		D72CF01514AD15C3003CCEF8 /* Line.h */ = {isa = PBXFileReference; fileEncoding = 4; lastKnownFileType = sourcecode.c.h; path = Line.h; sourceTree = "<group>"; };
		D72CF01614AD15C3003CCEF8 /* Line.m */ = {isa = PBXFileReference; fileEncoding = 4; lastKnownFileType = sourcecode.c.objc; path = Line.m; sourceTree = "<group>"; };
		D72CF01814AD15C3003CCEF8 /* BusStop.h */ = {isa = PBXFileReference; fileEncoding = 4; lastKnownFileType = sourcecode.c.h; path = BusStop.h; sourceTree = "<group>"; };
		D72CF01914AD15C3003CCEF8 /* BusStop.m */ = {isa = PBXFileReference; fileEncoding = 4; lastKnownFileType = sourcecode.c.objc; path = BusStop.m; sourceTree = "<group>"; };
		D74658F414AA9B1D00F99E9C /* ASIAuthenticationDialog.h */ = {isa = PBXFileReference; fileEncoding = 4; lastKnownFileType = sourcecode.c.h; path = ASIAuthenticationDialog.h; sourceTree = "<group>"; };
		D74658F514AA9B1D00F99E9C /* ASIAuthenticationDialog.m */ = {isa = PBXFileReference; fileEncoding = 4; lastKnownFileType = sourcecode.c.objc; path = ASIAuthenticationDialog.m; sourceTree = "<group>"; };
		D74658F614AA9B1D00F99E9C /* ASICacheDelegate.h */ = {isa = PBXFileReference; fileEncoding = 4; lastKnownFileType = sourcecode.c.h; path = ASICacheDelegate.h; sourceTree = "<group>"; };
		D74658F714AA9B1D00F99E9C /* ASIDataCompressor.h */ = {isa = PBXFileReference; fileEncoding = 4; lastKnownFileType = sourcecode.c.h; path = ASIDataCompressor.h; sourceTree = "<group>"; };
		D74658F814AA9B1D00F99E9C /* ASIDataCompressor.m */ = {isa = PBXFileReference; fileEncoding = 4; lastKnownFileType = sourcecode.c.objc; path = ASIDataCompressor.m; sourceTree = "<group>"; };
		D74658F914AA9B1D00F99E9C /* ASIDataDecompressor.h */ = {isa = PBXFileReference; fileEncoding = 4; lastKnownFileType = sourcecode.c.h; path = ASIDataDecompressor.h; sourceTree = "<group>"; };
		D74658FA14AA9B1D00F99E9C /* ASIDataDecompressor.m */ = {isa = PBXFileReference; fileEncoding = 4; lastKnownFileType = sourcecode.c.objc; path = ASIDataDecompressor.m; sourceTree = "<group>"; };
		D74658FB14AA9B1D00F99E9C /* ASIDownloadCache.h */ = {isa = PBXFileReference; fileEncoding = 4; lastKnownFileType = sourcecode.c.h; path = ASIDownloadCache.h; sourceTree = "<group>"; };
		D74658FC14AA9B1D00F99E9C /* ASIDownloadCache.m */ = {isa = PBXFileReference; fileEncoding = 4; lastKnownFileType = sourcecode.c.objc; path = ASIDownloadCache.m; sourceTree = "<group>"; };
		D74658FD14AA9B1D00F99E9C /* ASIFormDataRequest.h */ = {isa = PBXFileReference; fileEncoding = 4; lastKnownFileType = sourcecode.c.h; path = ASIFormDataRequest.h; sourceTree = "<group>"; };
		D74658FE14AA9B1D00F99E9C /* ASIFormDataRequest.m */ = {isa = PBXFileReference; fileEncoding = 4; lastKnownFileType = sourcecode.c.objc; path = ASIFormDataRequest.m; sourceTree = "<group>"; };
		D74658FF14AA9B1D00F99E9C /* ASIHTTPRequest.h */ = {isa = PBXFileReference; fileEncoding = 4; lastKnownFileType = sourcecode.c.h; path = ASIHTTPRequest.h; sourceTree = "<group>"; };
		D746590014AA9B1D00F99E9C /* ASIHTTPRequest.m */ = {isa = PBXFileReference; fileEncoding = 4; lastKnownFileType = sourcecode.c.objc; path = ASIHTTPRequest.m; sourceTree = "<group>"; };
		D746590114AA9B1D00F99E9C /* ASIHTTPRequestConfig.h */ = {isa = PBXFileReference; fileEncoding = 4; lastKnownFileType = sourcecode.c.h; path = ASIHTTPRequestConfig.h; sourceTree = "<group>"; };
		D746590214AA9B1D00F99E9C /* ASIHTTPRequestDelegate.h */ = {isa = PBXFileReference; fileEncoding = 4; lastKnownFileType = sourcecode.c.h; path = ASIHTTPRequestDelegate.h; sourceTree = "<group>"; };
		D746590314AA9B1D00F99E9C /* ASIInputStream.h */ = {isa = PBXFileReference; fileEncoding = 4; lastKnownFileType = sourcecode.c.h; path = ASIInputStream.h; sourceTree = "<group>"; };
		D746590414AA9B1D00F99E9C /* ASIInputStream.m */ = {isa = PBXFileReference; fileEncoding = 4; lastKnownFileType = sourcecode.c.objc; path = ASIInputStream.m; sourceTree = "<group>"; };
		D746590514AA9B1D00F99E9C /* ASINetworkQueue.h */ = {isa = PBXFileReference; fileEncoding = 4; lastKnownFileType = sourcecode.c.h; path = ASINetworkQueue.h; sourceTree = "<group>"; };
		D746590614AA9B1D00F99E9C /* ASINetworkQueue.m */ = {isa = PBXFileReference; fileEncoding = 4; lastKnownFileType = sourcecode.c.objc; path = ASINetworkQueue.m; sourceTree = "<group>"; };
		D746590714AA9B1D00F99E9C /* ASIProgressDelegate.h */ = {isa = PBXFileReference; fileEncoding = 4; lastKnownFileType = sourcecode.c.h; path = ASIProgressDelegate.h; sourceTree = "<group>"; };
		D746590814AA9B1D00F99E9C /* Reachability.h */ = {isa = PBXFileReference; fileEncoding = 4; lastKnownFileType = sourcecode.c.h; path = Reachability.h; sourceTree = "<group>"; };
		D746590914AA9B1D00F99E9C /* Reachability.m */ = {isa = PBXFileReference; fileEncoding = 4; lastKnownFileType = sourcecode.c.objc; path = Reachability.m; sourceTree = "<group>"; };
		D746591414AA9B9300F99E9C /* CFNetwork.framework */ = {isa = PBXFileReference; lastKnownFileType = wrapper.framework; name = CFNetwork.framework; path = System/Library/Frameworks/CFNetwork.framework; sourceTree = SDKROOT; };
		D746591614AA9BBB00F99E9C /* SystemConfiguration.framework */ = {isa = PBXFileReference; lastKnownFileType = wrapper.framework; name = SystemConfiguration.framework; path = System/Library/Frameworks/SystemConfiguration.framework; sourceTree = SDKROOT; };
		D746591814AA9BC900F99E9C /* MobileCoreServices.framework */ = {isa = PBXFileReference; lastKnownFileType = wrapper.framework; name = MobileCoreServices.framework; path = System/Library/Frameworks/MobileCoreServices.framework; sourceTree = SDKROOT; };
		D746591A14AA9BE700F99E9C /* libz.dylib */ = {isa = PBXFileReference; lastKnownFileType = "compiled.mach-o.dylib"; name = libz.dylib; path = usr/lib/libz.dylib; sourceTree = SDKROOT; };
		E215E44F14AA979400C3A4F2 /* MaisMobilis.app */ = {isa = PBXFileReference; explicitFileType = wrapper.application; includeInIndex = 0; path = MaisMobilis.app; sourceTree = BUILT_PRODUCTS_DIR; };
		E215E45314AA979400C3A4F2 /* UIKit.framework */ = {isa = PBXFileReference; lastKnownFileType = wrapper.framework; name = UIKit.framework; path = System/Library/Frameworks/UIKit.framework; sourceTree = SDKROOT; };
		E215E45514AA979400C3A4F2 /* Foundation.framework */ = {isa = PBXFileReference; lastKnownFileType = wrapper.framework; name = Foundation.framework; path = System/Library/Frameworks/Foundation.framework; sourceTree = SDKROOT; };
		E215E45714AA979400C3A4F2 /* CoreGraphics.framework */ = {isa = PBXFileReference; lastKnownFileType = wrapper.framework; name = CoreGraphics.framework; path = System/Library/Frameworks/CoreGraphics.framework; sourceTree = SDKROOT; };
		E215E45914AA979400C3A4F2 /* CoreData.framework */ = {isa = PBXFileReference; lastKnownFileType = wrapper.framework; name = CoreData.framework; path = System/Library/Frameworks/CoreData.framework; sourceTree = SDKROOT; };
		E215E45D14AA979400C3A4F2 /* MaisMobilis-Info.plist */ = {isa = PBXFileReference; lastKnownFileType = text.plist.xml; path = "MaisMobilis-Info.plist"; sourceTree = "<group>"; };
		E215E45F14AA979400C3A4F2 /* en */ = {isa = PBXFileReference; lastKnownFileType = text.plist.strings; name = en; path = en.lproj/InfoPlist.strings; sourceTree = "<group>"; };
		E215E46114AA979400C3A4F2 /* main.m */ = {isa = PBXFileReference; lastKnownFileType = sourcecode.c.objc; path = main.m; sourceTree = "<group>"; };
		E215E46314AA979500C3A4F2 /* MaisMobilis-Prefix.pch */ = {isa = PBXFileReference; lastKnownFileType = sourcecode.c.h; path = "MaisMobilis-Prefix.pch"; sourceTree = "<group>"; };
		E215E46414AA979500C3A4F2 /* AppDelegate.h */ = {isa = PBXFileReference; lastKnownFileType = sourcecode.c.h; path = AppDelegate.h; sourceTree = "<group>"; };
		E215E46514AA979500C3A4F2 /* AppDelegate.m */ = {isa = PBXFileReference; lastKnownFileType = sourcecode.c.objc; path = AppDelegate.m; sourceTree = "<group>"; };
		E215E46814AA979500C3A4F2 /* MaisMobilis.xcdatamodel */ = {isa = PBXFileReference; lastKnownFileType = wrapper.xcdatamodel; path = MaisMobilis.xcdatamodel; sourceTree = "<group>"; };
		E2E6142914AB998A007AF944 /* WebBus.h */ = {isa = PBXFileReference; fileEncoding = 4; lastKnownFileType = sourcecode.c.h; name = WebBus.h; path = MaisMobilis/Webservice/WebBus.h; sourceTree = "<group>"; };
		E2E6142A14AB998A007AF944 /* WebBus.m */ = {isa = PBXFileReference; fileEncoding = 4; lastKnownFileType = sourcecode.c.objc; name = WebBus.m; path = MaisMobilis/Webservice/WebBus.m; sourceTree = "<group>"; };
		E2E6142C14AB99AE007AF944 /* WebBusstops.h */ = {isa = PBXFileReference; fileEncoding = 4; lastKnownFileType = sourcecode.c.h; name = WebBusstops.h; path = MaisMobilis/Webservice/WebBusstops.h; sourceTree = "<group>"; };
		E2E6142D14AB99AE007AF944 /* WebBusstops.m */ = {isa = PBXFileReference; fileEncoding = 4; lastKnownFileType = sourcecode.c.objc; name = WebBusstops.m; path = MaisMobilis/Webservice/WebBusstops.m; sourceTree = "<group>"; };
		E2E6142F14AB99C3007AF944 /* WebLines.h */ = {isa = PBXFileReference; fileEncoding = 4; lastKnownFileType = sourcecode.c.h; name = WebLines.h; path = MaisMobilis/Webservice/WebLines.h; sourceTree = "<group>"; };
		E2E6143014AB99C3007AF944 /* WebLines.m */ = {isa = PBXFileReference; fileEncoding = 4; lastKnownFileType = sourcecode.c.objc; name = WebLines.m; path = MaisMobilis/Webservice/WebLines.m; sourceTree = "<group>"; };
		E2E6143214ABA6BD007AF944 /* MaisMobilisWebService.h */ = {isa = PBXFileReference; fileEncoding = 4; lastKnownFileType = sourcecode.c.h; name = MaisMobilisWebService.h; path = MaisMobilis/Webservice/MaisMobilisWebService.h; sourceTree = "<group>"; };
		E2E6143314ABA6BD007AF944 /* MaisMobilisWebService.m */ = {isa = PBXFileReference; fileEncoding = 4; lastKnownFileType = sourcecode.c.objc; name = MaisMobilisWebService.m; path = MaisMobilis/Webservice/MaisMobilisWebService.m; sourceTree = "<group>"; };
		E2E6145D14ABAA57007AF944 /* JSON.h */ = {isa = PBXFileReference; fileEncoding = 4; lastKnownFileType = sourcecode.c.h; name = JSON.h; path = MaisMobilis/SBJson/JSON.h; sourceTree = "<group>"; };
		E2E6145E14ABAA57007AF944 /* NSObject+SBJson.h */ = {isa = PBXFileReference; fileEncoding = 4; lastKnownFileType = sourcecode.c.h; name = "NSObject+SBJson.h"; path = "MaisMobilis/SBJson/NSObject+SBJson.h"; sourceTree = "<group>"; };
		E2E6145F14ABAA57007AF944 /* NSObject+SBJson.m */ = {isa = PBXFileReference; fileEncoding = 4; lastKnownFileType = sourcecode.c.objc; name = "NSObject+SBJson.m"; path = "MaisMobilis/SBJson/NSObject+SBJson.m"; sourceTree = "<group>"; };
		E2E6146014ABAA57007AF944 /* SBJson.h */ = {isa = PBXFileReference; fileEncoding = 4; lastKnownFileType = sourcecode.c.h; name = SBJson.h; path = MaisMobilis/SBJson/SBJson.h; sourceTree = "<group>"; };
		E2E6146114ABAA57007AF944 /* SBJsonParser.h */ = {isa = PBXFileReference; fileEncoding = 4; lastKnownFileType = sourcecode.c.h; name = SBJsonParser.h; path = MaisMobilis/SBJson/SBJsonParser.h; sourceTree = "<group>"; };
		E2E6146214ABAA57007AF944 /* SBJsonParser.m */ = {isa = PBXFileReference; fileEncoding = 4; lastKnownFileType = sourcecode.c.objc; name = SBJsonParser.m; path = MaisMobilis/SBJson/SBJsonParser.m; sourceTree = "<group>"; };
		E2E6146314ABAA57007AF944 /* SBJsonStreamParser.h */ = {isa = PBXFileReference; fileEncoding = 4; lastKnownFileType = sourcecode.c.h; name = SBJsonStreamParser.h; path = MaisMobilis/SBJson/SBJsonStreamParser.h; sourceTree = "<group>"; };
		E2E6146414ABAA57007AF944 /* SBJsonStreamParser.m */ = {isa = PBXFileReference; fileEncoding = 4; lastKnownFileType = sourcecode.c.objc; name = SBJsonStreamParser.m; path = MaisMobilis/SBJson/SBJsonStreamParser.m; sourceTree = "<group>"; };
		E2E6146514ABAA57007AF944 /* SBJsonStreamParserAccumulator.h */ = {isa = PBXFileReference; fileEncoding = 4; lastKnownFileType = sourcecode.c.h; name = SBJsonStreamParserAccumulator.h; path = MaisMobilis/SBJson/SBJsonStreamParserAccumulator.h; sourceTree = "<group>"; };
		E2E6146614ABAA57007AF944 /* SBJsonStreamParserAccumulator.m */ = {isa = PBXFileReference; fileEncoding = 4; lastKnownFileType = sourcecode.c.objc; name = SBJsonStreamParserAccumulator.m; path = MaisMobilis/SBJson/SBJsonStreamParserAccumulator.m; sourceTree = "<group>"; };
		E2E6146714ABAA57007AF944 /* SBJsonStreamParserAdapter.h */ = {isa = PBXFileReference; fileEncoding = 4; lastKnownFileType = sourcecode.c.h; name = SBJsonStreamParserAdapter.h; path = MaisMobilis/SBJson/SBJsonStreamParserAdapter.h; sourceTree = "<group>"; };
		E2E6146814ABAA57007AF944 /* SBJsonStreamParserAdapter.m */ = {isa = PBXFileReference; fileEncoding = 4; lastKnownFileType = sourcecode.c.objc; name = SBJsonStreamParserAdapter.m; path = MaisMobilis/SBJson/SBJsonStreamParserAdapter.m; sourceTree = "<group>"; };
		E2E6146914ABAA57007AF944 /* SBJsonStreamParserState.h */ = {isa = PBXFileReference; fileEncoding = 4; lastKnownFileType = sourcecode.c.h; name = SBJsonStreamParserState.h; path = MaisMobilis/SBJson/SBJsonStreamParserState.h; sourceTree = "<group>"; };
		E2E6146A14ABAA57007AF944 /* SBJsonStreamParserState.m */ = {isa = PBXFileReference; fileEncoding = 4; lastKnownFileType = sourcecode.c.objc; name = SBJsonStreamParserState.m; path = MaisMobilis/SBJson/SBJsonStreamParserState.m; sourceTree = "<group>"; };
		E2E6146B14ABAA57007AF944 /* SBJsonStreamWriter.h */ = {isa = PBXFileReference; fileEncoding = 4; lastKnownFileType = sourcecode.c.h; name = SBJsonStreamWriter.h; path = MaisMobilis/SBJson/SBJsonStreamWriter.h; sourceTree = "<group>"; };
		E2E6146C14ABAA57007AF944 /* SBJsonStreamWriter.m */ = {isa = PBXFileReference; fileEncoding = 4; lastKnownFileType = sourcecode.c.objc; name = SBJsonStreamWriter.m; path = MaisMobilis/SBJson/SBJsonStreamWriter.m; sourceTree = "<group>"; };
		E2E6146D14ABAA57007AF944 /* SBJsonStreamWriterAccumulator.h */ = {isa = PBXFileReference; fileEncoding = 4; lastKnownFileType = sourcecode.c.h; name = SBJsonStreamWriterAccumulator.h; path = MaisMobilis/SBJson/SBJsonStreamWriterAccumulator.h; sourceTree = "<group>"; };
		E2E6146E14ABAA57007AF944 /* SBJsonStreamWriterAccumulator.m */ = {isa = PBXFileReference; fileEncoding = 4; lastKnownFileType = sourcecode.c.objc; name = SBJsonStreamWriterAccumulator.m; path = MaisMobilis/SBJson/SBJsonStreamWriterAccumulator.m; sourceTree = "<group>"; };
		E2E6146F14ABAA57007AF944 /* SBJsonStreamWriterState.h */ = {isa = PBXFileReference; fileEncoding = 4; lastKnownFileType = sourcecode.c.h; name = SBJsonStreamWriterState.h; path = MaisMobilis/SBJson/SBJsonStreamWriterState.h; sourceTree = "<group>"; };
		E2E6147014ABAA57007AF944 /* SBJsonStreamWriterState.m */ = {isa = PBXFileReference; fileEncoding = 4; lastKnownFileType = sourcecode.c.objc; name = SBJsonStreamWriterState.m; path = MaisMobilis/SBJson/SBJsonStreamWriterState.m; sourceTree = "<group>"; };
		E2E6147114ABAA57007AF944 /* SBJsonTokeniser.h */ = {isa = PBXFileReference; fileEncoding = 4; lastKnownFileType = sourcecode.c.h; name = SBJsonTokeniser.h; path = MaisMobilis/SBJson/SBJsonTokeniser.h; sourceTree = "<group>"; };
		E2E6147214ABAA57007AF944 /* SBJsonTokeniser.m */ = {isa = PBXFileReference; fileEncoding = 4; lastKnownFileType = sourcecode.c.objc; name = SBJsonTokeniser.m; path = MaisMobilis/SBJson/SBJsonTokeniser.m; sourceTree = "<group>"; };
		E2E6147314ABAA57007AF944 /* SBJsonUTF8Stream.h */ = {isa = PBXFileReference; fileEncoding = 4; lastKnownFileType = sourcecode.c.h; name = SBJsonUTF8Stream.h; path = MaisMobilis/SBJson/SBJsonUTF8Stream.h; sourceTree = "<group>"; };
		E2E6147414ABAA57007AF944 /* SBJsonUTF8Stream.m */ = {isa = PBXFileReference; fileEncoding = 4; lastKnownFileType = sourcecode.c.objc; name = SBJsonUTF8Stream.m; path = MaisMobilis/SBJson/SBJsonUTF8Stream.m; sourceTree = "<group>"; };
		E2E6147514ABAA57007AF944 /* SBJsonWriter.h */ = {isa = PBXFileReference; fileEncoding = 4; lastKnownFileType = sourcecode.c.h; name = SBJsonWriter.h; path = MaisMobilis/SBJson/SBJsonWriter.h; sourceTree = "<group>"; };
		E2E6147614ABAA57007AF944 /* SBJsonWriter.m */ = {isa = PBXFileReference; fileEncoding = 4; lastKnownFileType = sourcecode.c.objc; name = SBJsonWriter.m; path = MaisMobilis/SBJson/SBJsonWriter.m; sourceTree = "<group>"; };
/* End PBXFileReference section */

/* Begin PBXFrameworksBuildPhase section */
		E215E44C14AA979400C3A4F2 /* Frameworks */ = {
			isa = PBXFrameworksBuildPhase;
			buildActionMask = 2147483647;
			files = (
				D746591B14AA9BE700F99E9C /* libz.dylib in Frameworks */,
				E215E45814AA979400C3A4F2 /* CoreGraphics.framework in Frameworks */,
				D746591914AA9BC900F99E9C /* MobileCoreServices.framework in Frameworks */,
				D746591714AA9BBB00F99E9C /* SystemConfiguration.framework in Frameworks */,
				D746591514AA9B9300F99E9C /* CFNetwork.framework in Frameworks */,
				E215E45414AA979400C3A4F2 /* UIKit.framework in Frameworks */,
				E215E45614AA979400C3A4F2 /* Foundation.framework in Frameworks */,
				E215E45A14AA979400C3A4F2 /* CoreData.framework in Frameworks */,
			);
			runOnlyForDeploymentPostprocessing = 0;
		};
/* End PBXFrameworksBuildPhase section */

/* Begin PBXGroup section */
		D74658F314AA9B1D00F99E9C /* ASIAPI */ = {
			isa = PBXGroup;
			children = (
				D74658F414AA9B1D00F99E9C /* ASIAuthenticationDialog.h */,
				D74658F614AA9B1D00F99E9C /* ASICacheDelegate.h */,
				D74658F714AA9B1D00F99E9C /* ASIDataCompressor.h */,
				D74658F914AA9B1D00F99E9C /* ASIDataDecompressor.h */,
				D74658FB14AA9B1D00F99E9C /* ASIDownloadCache.h */,
				D74658FD14AA9B1D00F99E9C /* ASIFormDataRequest.h */,
				D74658FF14AA9B1D00F99E9C /* ASIHTTPRequest.h */,
				D746590114AA9B1D00F99E9C /* ASIHTTPRequestConfig.h */,
				D746590214AA9B1D00F99E9C /* ASIHTTPRequestDelegate.h */,
				D746590314AA9B1D00F99E9C /* ASIInputStream.h */,
				D746590514AA9B1D00F99E9C /* ASINetworkQueue.h */,
				D746590714AA9B1D00F99E9C /* ASIProgressDelegate.h */,
				D746590814AA9B1D00F99E9C /* Reachability.h */,
				D74658F514AA9B1D00F99E9C /* ASIAuthenticationDialog.m */,
				D74658F814AA9B1D00F99E9C /* ASIDataCompressor.m */,
				D74658FA14AA9B1D00F99E9C /* ASIDataDecompressor.m */,
				D74658FC14AA9B1D00F99E9C /* ASIDownloadCache.m */,
				D74658FE14AA9B1D00F99E9C /* ASIFormDataRequest.m */,
				D746590014AA9B1D00F99E9C /* ASIHTTPRequest.m */,
				D746590414AA9B1D00F99E9C /* ASIInputStream.m */,
				D746590614AA9B1D00F99E9C /* ASINetworkQueue.m */,
				D746590914AA9B1D00F99E9C /* Reachability.m */,
			);
			name = ASIAPI;
			path = MaisMobilis/ASIAPI;
			sourceTree = "<group>";
		};
		E215E44414AA979400C3A4F2 = {
			isa = PBXGroup;
			children = (
				D746591A14AA9BE700F99E9C /* libz.dylib */,
				D746591414AA9B9300F99E9C /* CFNetwork.framework */,
				D746591814AA9BC900F99E9C /* MobileCoreServices.framework */,
				D746591614AA9BBB00F99E9C /* SystemConfiguration.framework */,
				D74658F314AA9B1D00F99E9C /* ASIAPI */,
				E215E45214AA979400C3A4F2 /* Frameworks */,
				E215E45B14AA979400C3A4F2 /* MaisMobilis */,
				E215E45014AA979400C3A4F2 /* Products */,
				E2E6143514ABA97B007AF944 /* SBJson */,
				E2E6142814AB9970007AF944 /* Webservice */,
			);
			sourceTree = "<group>";
		};
		E215E45014AA979400C3A4F2 /* Products */ = {
			isa = PBXGroup;
			children = (
				E215E44F14AA979400C3A4F2 /* MaisMobilis.app */,
			);
			name = Products;
			sourceTree = "<group>";
		};
		E215E45214AA979400C3A4F2 /* Frameworks */ = {
			isa = PBXGroup;
			children = (
				E215E45314AA979400C3A4F2 /* UIKit.framework */,
				E215E45514AA979400C3A4F2 /* Foundation.framework */,
				E215E45714AA979400C3A4F2 /* CoreGraphics.framework */,
				E215E45914AA979400C3A4F2 /* CoreData.framework */,
			);
			name = Frameworks;
			sourceTree = "<group>";
		};
		E215E45B14AA979400C3A4F2 /* MaisMobilis */ = {
			isa = PBXGroup;
			children = (
				D72CF01614AD15C3003CCEF8 /* Line.m */,
				D72CF01514AD15C3003CCEF8 /* Line.h */,
				D72CF01914AD15C3003CCEF8 /* BusStop.m */,
				D72CF01814AD15C3003CCEF8 /* BusStop.h */,
				E215E46414AA979500C3A4F2 /* AppDelegate.h */,
				E215E46514AA979500C3A4F2 /* AppDelegate.m */,
				E215E46714AA979500C3A4F2 /* MaisMobilis.xcdatamodeld */,
				D72CF01114AD15AF003CCEF8 /* Bus.h */,
				D72CF01214AD15AF003CCEF8 /* Bus.m */,
				E215E45C14AA979400C3A4F2 /* Supporting Files */,
			);
			path = MaisMobilis;
			sourceTree = "<group>";
		};
		E215E45C14AA979400C3A4F2 /* Supporting Files */ = {
			isa = PBXGroup;
			children = (
				E215E45D14AA979400C3A4F2 /* MaisMobilis-Info.plist */,
				E215E45E14AA979400C3A4F2 /* InfoPlist.strings */,
				E215E46114AA979400C3A4F2 /* main.m */,
				E215E46314AA979500C3A4F2 /* MaisMobilis-Prefix.pch */,
			);
			name = "Supporting Files";
			sourceTree = "<group>";
		};
		E2E6142814AB9970007AF944 /* Webservice */ = {
			isa = PBXGroup;
			children = (
				E2E6142914AB998A007AF944 /* WebBus.h */,
				E2E6142A14AB998A007AF944 /* WebBus.m */,
				E2E6142C14AB99AE007AF944 /* WebBusstops.h */,
				E2E6142D14AB99AE007AF944 /* WebBusstops.m */,
				E2E6142F14AB99C3007AF944 /* WebLines.h */,
				E2E6143014AB99C3007AF944 /* WebLines.m */,
				E2E6143214ABA6BD007AF944 /* MaisMobilisWebService.h */,
				E2E6143314ABA6BD007AF944 /* MaisMobilisWebService.m */,
			);
			name = Webservice;
			sourceTree = "<group>";
		};
		E2E6143514ABA97B007AF944 /* SBJson */ = {
			isa = PBXGroup;
			children = (
				E2E6145D14ABAA57007AF944 /* JSON.h */,
				E2E6145E14ABAA57007AF944 /* NSObject+SBJson.h */,
				E2E6145F14ABAA57007AF944 /* NSObject+SBJson.m */,
				E2E6146014ABAA57007AF944 /* SBJson.h */,
				E2E6146114ABAA57007AF944 /* SBJsonParser.h */,
				E2E6146214ABAA57007AF944 /* SBJsonParser.m */,
				E2E6146314ABAA57007AF944 /* SBJsonStreamParser.h */,
				E2E6146414ABAA57007AF944 /* SBJsonStreamParser.m */,
				E2E6146514ABAA57007AF944 /* SBJsonStreamParserAccumulator.h */,
				E2E6146614ABAA57007AF944 /* SBJsonStreamParserAccumulator.m */,
				E2E6146714ABAA57007AF944 /* SBJsonStreamParserAdapter.h */,
				E2E6146814ABAA57007AF944 /* SBJsonStreamParserAdapter.m */,
				E2E6146914ABAA57007AF944 /* SBJsonStreamParserState.h */,
				E2E6146A14ABAA57007AF944 /* SBJsonStreamParserState.m */,
				E2E6146B14ABAA57007AF944 /* SBJsonStreamWriter.h */,
				E2E6146C14ABAA57007AF944 /* SBJsonStreamWriter.m */,
				E2E6146D14ABAA57007AF944 /* SBJsonStreamWriterAccumulator.h */,
				E2E6146E14ABAA57007AF944 /* SBJsonStreamWriterAccumulator.m */,
				E2E6146F14ABAA57007AF944 /* SBJsonStreamWriterState.h */,
				E2E6147014ABAA57007AF944 /* SBJsonStreamWriterState.m */,
				E2E6147114ABAA57007AF944 /* SBJsonTokeniser.h */,
				E2E6147214ABAA57007AF944 /* SBJsonTokeniser.m */,
				E2E6147314ABAA57007AF944 /* SBJsonUTF8Stream.h */,
				E2E6147414ABAA57007AF944 /* SBJsonUTF8Stream.m */,
				E2E6147514ABAA57007AF944 /* SBJsonWriter.h */,
				E2E6147614ABAA57007AF944 /* SBJsonWriter.m */,
			);
			name = SBJson;
			sourceTree = "<group>";
		};
/* End PBXGroup section */

/* Begin PBXNativeTarget section */
		E215E44E14AA979400C3A4F2 /* MaisMobilis */ = {
			isa = PBXNativeTarget;
			buildConfigurationList = E215E46C14AA979500C3A4F2 /* Build configuration list for PBXNativeTarget "MaisMobilis" */;
			buildPhases = (
				E215E44B14AA979400C3A4F2 /* Sources */,
				E215E44C14AA979400C3A4F2 /* Frameworks */,
				E215E44D14AA979400C3A4F2 /* Resources */,
			);
			buildRules = (
			);
			dependencies = (
			);
			name = MaisMobilis;
			productName = MaisMobilis;
			productReference = E215E44F14AA979400C3A4F2 /* MaisMobilis.app */;
			productType = "com.apple.product-type.application";
		};
/* End PBXNativeTarget section */

/* Begin PBXProject section */
		E215E44614AA979400C3A4F2 /* Project object */ = {
			isa = PBXProject;
			attributes = {
				LastUpgradeCheck = 0420;
			};
			buildConfigurationList = E215E44914AA979400C3A4F2 /* Build configuration list for PBXProject "MaisMobilis" */;
			compatibilityVersion = "Xcode 3.2";
			developmentRegion = English;
			hasScannedForEncodings = 0;
			knownRegions = (
				en,
			);
			mainGroup = E215E44414AA979400C3A4F2;
			productRefGroup = E215E45014AA979400C3A4F2 /* Products */;
			projectDirPath = "";
			projectRoot = "";
			targets = (
				E215E44E14AA979400C3A4F2 /* MaisMobilis */,
			);
		};
/* End PBXProject section */

/* Begin PBXResourcesBuildPhase section */
		E215E44D14AA979400C3A4F2 /* Resources */ = {
			isa = PBXResourcesBuildPhase;
			buildActionMask = 2147483647;
			files = (
				E215E46014AA979400C3A4F2 /* InfoPlist.strings in Resources */,
			);
			runOnlyForDeploymentPostprocessing = 0;
		};
/* End PBXResourcesBuildPhase section */

/* Begin PBXSourcesBuildPhase section */
		E215E44B14AA979400C3A4F2 /* Sources */ = {
			isa = PBXSourcesBuildPhase;
			buildActionMask = 2147483647;
			files = (
				E2E6148314ABAAF7007AF944 /* SBJsonStreamParser.h in Sources */,
				E215E46214AA979400C3A4F2 /* main.m in Sources */,
				E215E46614AA979500C3A4F2 /* AppDelegate.m in Sources */,
				E215E46914AA979500C3A4F2 /* MaisMobilis.xcdatamodeld in Sources */,
				D746590A14AA9B1D00F99E9C /* ASIAuthenticationDialog.m in Sources */,
				D746590B14AA9B1D00F99E9C /* ASIDataCompressor.m in Sources */,
				D746590C14AA9B1D00F99E9C /* ASIDataDecompressor.m in Sources */,
				D746590D14AA9B1D00F99E9C /* ASIDownloadCache.m in Sources */,
				D746590E14AA9B1D00F99E9C /* ASIFormDataRequest.m in Sources */,
				D746590F14AA9B1D00F99E9C /* ASIHTTPRequest.m in Sources */,
				D746591014AA9B1D00F99E9C /* ASIInputStream.m in Sources */,
				D746591114AA9B1D00F99E9C /* ASINetworkQueue.m in Sources */,
				D746591214AA9B1D00F99E9C /* Reachability.m in Sources */,
				E2E6142B14AB998A007AF944 /* WebBus.m in Sources */,
				E2E6142E14AB99AE007AF944 /* WebBusstops.m in Sources */,
				E2E6143114AB99C3007AF944 /* WebLines.m in Sources */,
				E2E6143414ABA6BD007AF944 /* MaisMobilisWebService.m in Sources */,
				E2E6147714ABAA57007AF944 /* NSObject+SBJson.m in Sources */,
				E2E6147814ABAA57007AF944 /* SBJsonParser.m in Sources */,
				E2E6147914ABAA57007AF944 /* SBJsonStreamParser.m in Sources */,
				E2E6147A14ABAA57007AF944 /* SBJsonStreamParserAccumulator.m in Sources */,
				E2E6147B14ABAA57007AF944 /* SBJsonStreamParserAdapter.m in Sources */,
				E2E6147C14ABAA57007AF944 /* SBJsonStreamParserState.m in Sources */,
				E2E6147D14ABAA57007AF944 /* SBJsonStreamWriter.m in Sources */,
				E2E6147E14ABAA57007AF944 /* SBJsonStreamWriterAccumulator.m in Sources */,
				E2E6147F14ABAA57007AF944 /* SBJsonStreamWriterState.m in Sources */,
				E2E6148014ABAA57007AF944 /* SBJsonTokeniser.m in Sources */,
				E2E6148114ABAA57007AF944 /* SBJsonUTF8Stream.m in Sources */,
				E2E6148214ABAA57007AF944 /* SBJsonWriter.m in Sources */,
				D72CF01314AD15AF003CCEF8 /* Bus.m in Sources */,
				D72CF01714AD15C3003CCEF8 /* Line.m in Sources */,
				D72CF01A14AD15C3003CCEF8 /* BusStop.m in Sources */,
			);
			runOnlyForDeploymentPostprocessing = 0;
		};
/* End PBXSourcesBuildPhase section */

/* Begin PBXVariantGroup section */
		E215E45E14AA979400C3A4F2 /* InfoPlist.strings */ = {
			isa = PBXVariantGroup;
			children = (
				E215E45F14AA979400C3A4F2 /* en */,
			);
			name = InfoPlist.strings;
			sourceTree = "<group>";
		};
/* End PBXVariantGroup section */

/* Begin XCBuildConfiguration section */
		E215E46A14AA979500C3A4F2 /* Debug */ = {
			isa = XCBuildConfiguration;
			buildSettings = {
				ALWAYS_SEARCH_USER_PATHS = NO;
				ARCHS = "$(ARCHS_STANDARD_32_BIT)";
				CLANG_ENABLE_OBJC_ARC = YES;
				"CODE_SIGN_IDENTITY[sdk=iphoneos*]" = "iPhone Developer";
				COPY_PHASE_STRIP = NO;
				GCC_C_LANGUAGE_STANDARD = gnu99;
				GCC_DYNAMIC_NO_PIC = NO;
				GCC_OPTIMIZATION_LEVEL = 0;
				GCC_PREPROCESSOR_DEFINITIONS = (
					"DEBUG=1",
					"$(inherited)",
				);
				GCC_SYMBOLS_PRIVATE_EXTERN = NO;
				GCC_VERSION = com.apple.compilers.llvm.clang.1_0;
				GCC_WARN_ABOUT_MISSING_PROTOTYPES = YES;
				GCC_WARN_ABOUT_RETURN_TYPE = YES;
				GCC_WARN_UNUSED_VARIABLE = YES;
				IPHONEOS_DEPLOYMENT_TARGET = 5.0;
				SDKROOT = iphoneos;
			};
			name = Debug;
		};
		E215E46B14AA979500C3A4F2 /* Release */ = {
			isa = XCBuildConfiguration;
			buildSettings = {
				ALWAYS_SEARCH_USER_PATHS = NO;
				ARCHS = "$(ARCHS_STANDARD_32_BIT)";
				CLANG_ENABLE_OBJC_ARC = YES;
				"CODE_SIGN_IDENTITY[sdk=iphoneos*]" = "iPhone Developer";
				COPY_PHASE_STRIP = YES;
				GCC_C_LANGUAGE_STANDARD = gnu99;
				GCC_VERSION = com.apple.compilers.llvm.clang.1_0;
				GCC_WARN_ABOUT_MISSING_PROTOTYPES = YES;
				GCC_WARN_ABOUT_RETURN_TYPE = YES;
				GCC_WARN_UNUSED_VARIABLE = YES;
				IPHONEOS_DEPLOYMENT_TARGET = 5.0;
				OTHER_CFLAGS = "-DNS_BLOCK_ASSERTIONS=1";
				SDKROOT = iphoneos;
				VALIDATE_PRODUCT = YES;
			};
			name = Release;
		};
		E215E46D14AA979500C3A4F2 /* Debug */ = {
			isa = XCBuildConfiguration;
			buildSettings = {
				GCC_PRECOMPILE_PREFIX_HEADER = YES;
				GCC_PREFIX_HEADER = "MaisMobilis/MaisMobilis-Prefix.pch";
				INFOPLIST_FILE = "MaisMobilis/MaisMobilis-Info.plist";
				PRODUCT_NAME = "$(TARGET_NAME)";
				WRAPPER_EXTENSION = app;
			};
			name = Debug;
		};
		E215E46E14AA979500C3A4F2 /* Release */ = {
			isa = XCBuildConfiguration;
			buildSettings = {
				GCC_PRECOMPILE_PREFIX_HEADER = YES;
				GCC_PREFIX_HEADER = "MaisMobilis/MaisMobilis-Prefix.pch";
				INFOPLIST_FILE = "MaisMobilis/MaisMobilis-Info.plist";
				PRODUCT_NAME = "$(TARGET_NAME)";
				WRAPPER_EXTENSION = app;
			};
			name = Release;
		};
/* End XCBuildConfiguration section */

/* Begin XCConfigurationList section */
		E215E44914AA979400C3A4F2 /* Build configuration list for PBXProject "MaisMobilis" */ = {
			isa = XCConfigurationList;
			buildConfigurations = (
				E215E46A14AA979500C3A4F2 /* Debug */,
				E215E46B14AA979500C3A4F2 /* Release */,
			);
			defaultConfigurationIsVisible = 0;
			defaultConfigurationName = Release;
		};
		E215E46C14AA979500C3A4F2 /* Build configuration list for PBXNativeTarget "MaisMobilis" */ = {
			isa = XCConfigurationList;
			buildConfigurations = (
				E215E46D14AA979500C3A4F2 /* Debug */,
				E215E46E14AA979500C3A4F2 /* Release */,
			);
			defaultConfigurationIsVisible = 0;
			defaultConfigurationName = Release;
		};
/* End XCConfigurationList section */

/* Begin XCVersionGroup section */
		E215E46714AA979500C3A4F2 /* MaisMobilis.xcdatamodeld */ = {
			isa = XCVersionGroup;
			children = (
				E215E46814AA979500C3A4F2 /* MaisMobilis.xcdatamodel */,
			);
			currentVersion = E215E46814AA979500C3A4F2 /* MaisMobilis.xcdatamodel */;
			path = MaisMobilis.xcdatamodeld;
			sourceTree = "<group>";
			versionGroupType = wrapper.xcdatamodel;
		};
/* End XCVersionGroup section */
	};
	rootObject = E215E44614AA979400C3A4F2 /* Project object */;
}
