// !$*UTF8*$!
{
	archiveVersion = 1;
	classes = {
	};
	objectVersion = 46;
	objects = {

/* Begin PBXBuildFile section */
		D705BE4914B3E87100BE8DE4 /* WebEta.m in Sources */ = {isa = PBXBuildFile; fileRef = D705BE4814B3E87100BE8DE4 /* WebEta.m */; };
		D705BE5014B3F1FD00BE8DE4 /* StopTableViewController.m in Sources */ = {isa = PBXBuildFile; fileRef = D705BE4F14B3F1FD00BE8DE4 /* StopTableViewController.m */; };
		D707693414B3BBD300B3936F /* BusesDetailViewController.m in Sources */ = {isa = PBXBuildFile; fileRef = D707693314B3BBD300B3936F /* BusesDetailViewController.m */; };
		D73EC08C14B628DC0013DAF3 /* BStopDetailViewController.m in Sources */ = {isa = PBXBuildFile; fileRef = D73EC08B14B628DC0013DAF3 /* BStopDetailViewController.m */; };
		D746590A14AA9B1D00F99E9C /* ASIAuthenticationDialog.m in Sources */ = {isa = PBXBuildFile; fileRef = D74658F514AA9B1D00F99E9C /* ASIAuthenticationDialog.m */; settings = {COMPILER_FLAGS = " -fno-objc-arc"; }; };
		D746590B14AA9B1D00F99E9C /* ASIDataCompressor.m in Sources */ = {isa = PBXBuildFile; fileRef = D74658F814AA9B1D00F99E9C /* ASIDataCompressor.m */; settings = {COMPILER_FLAGS = " -fno-objc-arc"; }; };
		D746590C14AA9B1D00F99E9C /* ASIDataDecompressor.m in Sources */ = {isa = PBXBuildFile; fileRef = D74658FA14AA9B1D00F99E9C /* ASIDataDecompressor.m */; settings = {COMPILER_FLAGS = " -fno-objc-arc"; }; };
		D746590D14AA9B1D00F99E9C /* ASIDownloadCache.m in Sources */ = {isa = PBXBuildFile; fileRef = D74658FC14AA9B1D00F99E9C /* ASIDownloadCache.m */; settings = {COMPILER_FLAGS = " -fno-objc-arc"; }; };
		D746590E14AA9B1D00F99E9C /* ASIFormDataRequest.m in Sources */ = {isa = PBXBuildFile; fileRef = D74658FE14AA9B1D00F99E9C /* ASIFormDataRequest.m */; settings = {COMPILER_FLAGS = " -fno-objc-arc"; }; };
		D746590F14AA9B1D00F99E9C /* ASIHTTPRequest.m in Sources */ = {isa = PBXBuildFile; fileRef = D746590014AA9B1D00F99E9C /* ASIHTTPRequest.m */; settings = {COMPILER_FLAGS = " -fno-objc-arc"; }; };
		D746591014AA9B1D00F99E9C /* ASIInputStream.m in Sources */ = {isa = PBXBuildFile; fileRef = D746590414AA9B1D00F99E9C /* ASIInputStream.m */; settings = {COMPILER_FLAGS = " -fno-objc-arc"; }; };
		D746591114AA9B1D00F99E9C /* ASINetworkQueue.m in Sources */ = {isa = PBXBuildFile; fileRef = D746590614AA9B1D00F99E9C /* ASINetworkQueue.m */; settings = {COMPILER_FLAGS = " -fno-objc-arc"; }; };
		D746591214AA9B1D00F99E9C /* Reachability.m in Sources */ = {isa = PBXBuildFile; fileRef = D746590914AA9B1D00F99E9C /* Reachability.m */; settings = {COMPILER_FLAGS = " -fno-objc-arc"; }; };
		D746591514AA9B9300F99E9C /* CFNetwork.framework in Frameworks */ = {isa = PBXBuildFile; fileRef = D746591414AA9B9300F99E9C /* CFNetwork.framework */; };
		D746591714AA9BBB00F99E9C /* SystemConfiguration.framework in Frameworks */ = {isa = PBXBuildFile; fileRef = D746591614AA9BBB00F99E9C /* SystemConfiguration.framework */; };
		D746591914AA9BC900F99E9C /* MobileCoreServices.framework in Frameworks */ = {isa = PBXBuildFile; fileRef = D746591814AA9BC900F99E9C /* MobileCoreServices.framework */; };
		D746591B14AA9BE700F99E9C /* libz.dylib in Frameworks */ = {isa = PBXBuildFile; fileRef = D746591A14AA9BE700F99E9C /* libz.dylib */; };
		D759F68814BBD35300097C10 /* NewRouteTableViewController.m in Sources */ = {isa = PBXBuildFile; fileRef = D759F68714BBD35300097C10 /* NewRouteTableViewController.m */; };
		D763279F14BA5C0000CB2C47 /* AlertTableViewController.m in Sources */ = {isa = PBXBuildFile; fileRef = D763279E14BA5C0000CB2C47 /* AlertTableViewController.m */; };
		D76B224E14B67D3500338950 /* DataController.m in Sources */ = {isa = PBXBuildFile; fileRef = D76B224D14B67D3500338950 /* DataController.m */; };
		D7817B4714BC8FB000CBCD00 /* Alert.m in Sources */ = {isa = PBXBuildFile; fileRef = D7817B4614BC8FB000CBCD00 /* Alert.m */; };
		D7817B4A14BC8FC500CBCD00 /* Bus.m in Sources */ = {isa = PBXBuildFile; fileRef = D7817B4914BC8FC500CBCD00 /* Bus.m */; };
		D7817B4D14BC8FD800CBCD00 /* BusStop.m in Sources */ = {isa = PBXBuildFile; fileRef = D7817B4C14BC8FD800CBCD00 /* BusStop.m */; };
		D7817B5314BC900300CBCD00 /* BusStop_Line.m in Sources */ = {isa = PBXBuildFile; fileRef = D7817B5214BC900300CBCD00 /* BusStop_Line.m */; };
		D7817B5614BC901700CBCD00 /* Line.m in Sources */ = {isa = PBXBuildFile; fileRef = D7817B5514BC901700CBCD00 /* Line.m */; };
		D7817B5914BC902600CBCD00 /* ReferencePoint.m in Sources */ = {isa = PBXBuildFile; fileRef = D7817B5814BC902600CBCD00 /* ReferencePoint.m */; };
		D7817B5C14BC903F00CBCD00 /* Route.m in Sources */ = {isa = PBXBuildFile; fileRef = D7817B5B14BC903F00CBCD00 /* Route.m */; };
		D7888D3914AD32F700554E8D /* MapViewController.m in Sources */ = {isa = PBXBuildFile; fileRef = D7888D3714AD32F600554E8D /* MapViewController.m */; };
		D7888D3C14AD332B00554E8D /* Storyboard.storyboard in Resources */ = {isa = PBXBuildFile; fileRef = D7888D3B14AD332B00554E8D /* Storyboard.storyboard */; };
		D78BFADC14BB521700A602B9 /* RoutesTableViewController.m in Sources */ = {isa = PBXBuildFile; fileRef = D78BFADB14BB521700A602B9 /* RoutesTableViewController.m */; };
		D78BFAE614BB5BFB00A602B9 /* NewAlertViewController.m in Sources */ = {isa = PBXBuildFile; fileRef = D78BFAE514BB5BFB00A602B9 /* NewAlertViewController.m */; };
		D78BFAE914BB5C7700A602B9 /* AlertDetailViewController.m in Sources */ = {isa = PBXBuildFile; fileRef = D78BFAE814BB5C7700A602B9 /* AlertDetailViewController.m */; };
		D78BFAEC14BB5DAE00A602B9 /* RouteDetailViewController.m in Sources */ = {isa = PBXBuildFile; fileRef = D78BFAEB14BB5DAE00A602B9 /* RouteDetailViewController.m */; };
		D790153914BC93270087EBE2 /* Version.m in Sources */ = {isa = PBXBuildFile; fileRef = D790153814BC93270087EBE2 /* Version.m */; };
		D7C4AFCD14BD22DB00EDAE7A /* RouteBusStopPickerTVController.m in Sources */ = {isa = PBXBuildFile; fileRef = D7C4AFCC14BD22DB00EDAE7A /* RouteBusStopPickerTVController.m */; };
		D7C4AFD414BD2D7700EDAE7A /* mapTab.png in Resources */ = {isa = PBXBuildFile; fileRef = D7C4AFD314BD2D7700EDAE7A /* mapTab.png */; };
		D7C4AFD814BD3FC600EDAE7A /* logo.png in Resources */ = {isa = PBXBuildFile; fileRef = D7C4AFD714BD3FC600EDAE7A /* logo.png */; };
		D7C7BFB814B34FB2007265CE /* BusesTableViewController.m in Sources */ = {isa = PBXBuildFile; fileRef = D7C7BFB614B34FB2007265CE /* BusesTableViewController.m */; };
		E215E45414AA979400C3A4F2 /* UIKit.framework in Frameworks */ = {isa = PBXBuildFile; fileRef = E215E45314AA979400C3A4F2 /* UIKit.framework */; };
		E215E45614AA979400C3A4F2 /* Foundation.framework in Frameworks */ = {isa = PBXBuildFile; fileRef = E215E45514AA979400C3A4F2 /* Foundation.framework */; };
		E215E45814AA979400C3A4F2 /* CoreGraphics.framework in Frameworks */ = {isa = PBXBuildFile; fileRef = E215E45714AA979400C3A4F2 /* CoreGraphics.framework */; };
		E215E45A14AA979400C3A4F2 /* CoreData.framework in Frameworks */ = {isa = PBXBuildFile; fileRef = E215E45914AA979400C3A4F2 /* CoreData.framework */; };
		E215E46014AA979400C3A4F2 /* InfoPlist.strings in Resources */ = {isa = PBXBuildFile; fileRef = E215E45E14AA979400C3A4F2 /* InfoPlist.strings */; };
		E215E46214AA979400C3A4F2 /* main.m in Sources */ = {isa = PBXBuildFile; fileRef = E215E46114AA979400C3A4F2 /* main.m */; };
		E215E46614AA979500C3A4F2 /* AppDelegate.m in Sources */ = {isa = PBXBuildFile; fileRef = E215E46514AA979500C3A4F2 /* AppDelegate.m */; };
		E215E46914AA979500C3A4F2 /* MaisMobilis.xcdatamodeld in Sources */ = {isa = PBXBuildFile; fileRef = E215E46714AA979500C3A4F2 /* MaisMobilis.xcdatamodeld */; };
		E23BC1E914B91E0A00942484 /* WebBusstopLines.m in Sources */ = {isa = PBXBuildFile; fileRef = E23BC1E814B91E0A00942484 /* WebBusstopLines.m */; };
		E25056CF14B0DCC200E23C40 /* MapKit.framework in Frameworks */ = {isa = PBXBuildFile; fileRef = E25056CE14B0DCC200E23C40 /* MapKit.framework */; };
		E270F10B14B12CDD00AA4531 /* BusstopAnnotation.m in Sources */ = {isa = PBXBuildFile; fileRef = E270F10A14B12CDD00AA4531 /* BusstopAnnotation.m */; };
		E270F10F14B1398400AA4531 /* WebReferencePoint.m in Sources */ = {isa = PBXBuildFile; fileRef = E270F10E14B1398400AA4531 /* WebReferencePoint.m */; };
		E270F12214B1410800AA4531 /* greensquare.png in Resources */ = {isa = PBXBuildFile; fileRef = E270F12014B1410800AA4531 /* greensquare.png */; };
		E270F12314B1410800AA4531 /* redsquare.png in Resources */ = {isa = PBXBuildFile; fileRef = E270F12114B1410800AA4531 /* redsquare.png */; };
		E2B6173E14B1EA01008E175C /* redandgreensquare.png in Resources */ = {isa = PBXBuildFile; fileRef = E2B6173D14B1EA01008E175C /* redandgreensquare.png */; };
		E2B6174D14B21598008E175C /* greenbus.png in Resources */ = {isa = PBXBuildFile; fileRef = E2B6174B14B21598008E175C /* greenbus.png */; };
		E2B6174E14B21598008E175C /* redbus.png in Resources */ = {isa = PBXBuildFile; fileRef = E2B6174C14B21598008E175C /* redbus.png */; };
		E2B6175114B2221C008E175C /* BusAnnotation.m in Sources */ = {isa = PBXBuildFile; fileRef = E2B6175014B2221C008E175C /* BusAnnotation.m */; };
		E2B8CAAE14BBACE700705381 /* WebVersion.m in Sources */ = {isa = PBXBuildFile; fileRef = E2B8CAAD14BBACE700705381 /* WebVersion.m */; };
		E2E6142B14AB998A007AF944 /* WebBus.m in Sources */ = {isa = PBXBuildFile; fileRef = E2E6142A14AB998A007AF944 /* WebBus.m */; };
		E2E6142E14AB99AE007AF944 /* WebBusstops.m in Sources */ = {isa = PBXBuildFile; fileRef = E2E6142D14AB99AE007AF944 /* WebBusstops.m */; };
		E2E6143114AB99C3007AF944 /* WebLines.m in Sources */ = {isa = PBXBuildFile; fileRef = E2E6143014AB99C3007AF944 /* WebLines.m */; };
		E2E6143414ABA6BD007AF944 /* MaisMobilisWebService.m in Sources */ = {isa = PBXBuildFile; fileRef = E2E6143314ABA6BD007AF944 /* MaisMobilisWebService.m */; };
		E2E6147714ABAA57007AF944 /* NSObject+SBJson.m in Sources */ = {isa = PBXBuildFile; fileRef = E2E6145F14ABAA57007AF944 /* NSObject+SBJson.m */; settings = {COMPILER_FLAGS = " -fno-objc-arc"; }; };
		E2E6147814ABAA57007AF944 /* SBJsonParser.m in Sources */ = {isa = PBXBuildFile; fileRef = E2E6146214ABAA57007AF944 /* SBJsonParser.m */; settings = {COMPILER_FLAGS = " -fno-objc-arc"; }; };
		E2E6147914ABAA57007AF944 /* SBJsonStreamParser.m in Sources */ = {isa = PBXBuildFile; fileRef = E2E6146414ABAA57007AF944 /* SBJsonStreamParser.m */; settings = {COMPILER_FLAGS = " -fno-objc-arc"; }; };
		E2E6147A14ABAA57007AF944 /* SBJsonStreamParserAccumulator.m in Sources */ = {isa = PBXBuildFile; fileRef = E2E6146614ABAA57007AF944 /* SBJsonStreamParserAccumulator.m */; settings = {COMPILER_FLAGS = " -fno-objc-arc"; }; };
		E2E6147B14ABAA57007AF944 /* SBJsonStreamParserAdapter.m in Sources */ = {isa = PBXBuildFile; fileRef = E2E6146814ABAA57007AF944 /* SBJsonStreamParserAdapter.m */; settings = {COMPILER_FLAGS = " -fno-objc-arc"; }; };
		E2E6147C14ABAA57007AF944 /* SBJsonStreamParserState.m in Sources */ = {isa = PBXBuildFile; fileRef = E2E6146A14ABAA57007AF944 /* SBJsonStreamParserState.m */; settings = {COMPILER_FLAGS = " -fno-objc-arc"; }; };
		E2E6147D14ABAA57007AF944 /* SBJsonStreamWriter.m in Sources */ = {isa = PBXBuildFile; fileRef = E2E6146C14ABAA57007AF944 /* SBJsonStreamWriter.m */; settings = {COMPILER_FLAGS = " -fno-objc-arc"; }; };
		E2E6147E14ABAA57007AF944 /* SBJsonStreamWriterAccumulator.m in Sources */ = {isa = PBXBuildFile; fileRef = E2E6146E14ABAA57007AF944 /* SBJsonStreamWriterAccumulator.m */; settings = {COMPILER_FLAGS = " -fno-objc-arc"; }; };
		E2E6147F14ABAA57007AF944 /* SBJsonStreamWriterState.m in Sources */ = {isa = PBXBuildFile; fileRef = E2E6147014ABAA57007AF944 /* SBJsonStreamWriterState.m */; settings = {COMPILER_FLAGS = " -fno-objc-arc"; }; };
		E2E6148014ABAA57007AF944 /* SBJsonTokeniser.m in Sources */ = {isa = PBXBuildFile; fileRef = E2E6147214ABAA57007AF944 /* SBJsonTokeniser.m */; settings = {COMPILER_FLAGS = " -fno-objc-arc"; }; };
		E2E6148114ABAA57007AF944 /* SBJsonUTF8Stream.m in Sources */ = {isa = PBXBuildFile; fileRef = E2E6147414ABAA57007AF944 /* SBJsonUTF8Stream.m */; settings = {COMPILER_FLAGS = " -fno-objc-arc"; }; };
		E2E6148214ABAA57007AF944 /* SBJsonWriter.m in Sources */ = {isa = PBXBuildFile; fileRef = E2E6147614ABAA57007AF944 /* SBJsonWriter.m */; settings = {COMPILER_FLAGS = " -fno-objc-arc"; }; };
		E2E6148314ABAAF7007AF944 /* SBJsonStreamParser.h in Sources */ = {isa = PBXBuildFile; fileRef = E2E6146314ABAA57007AF944 /* SBJsonStreamParser.h */; settings = {COMPILER_FLAGS = " -fno-objc-arc"; }; };
/* End PBXBuildFile section */

/* Begin PBXFileReference section */
		D705BE4714B3E87100BE8DE4 /* WebEta.h */ = {isa = PBXFileReference; fileEncoding = 4; lastKnownFileType = sourcecode.c.h; name = WebEta.h; path = MaisMobilis/Webservice/WebEta.h; sourceTree = "<group>"; };
		D705BE4814B3E87100BE8DE4 /* WebEta.m */ = {isa = PBXFileReference; fileEncoding = 4; lastKnownFileType = sourcecode.c.objc; name = WebEta.m; path = MaisMobilis/Webservice/WebEta.m; sourceTree = "<group>"; };
		D705BE4E14B3F1FD00BE8DE4 /* StopTableViewController.h */ = {isa = PBXFileReference; fileEncoding = 4; lastKnownFileType = sourcecode.c.h; path = StopTableViewController.h; sourceTree = "<group>"; };
		D705BE4F14B3F1FD00BE8DE4 /* StopTableViewController.m */ = {isa = PBXFileReference; fileEncoding = 4; lastKnownFileType = sourcecode.c.objc; path = StopTableViewController.m; sourceTree = "<group>"; };
		D707693214B3BBD300B3936F /* BusesDetailViewController.h */ = {isa = PBXFileReference; fileEncoding = 4; lastKnownFileType = sourcecode.c.h; path = BusesDetailViewController.h; sourceTree = "<group>"; };
		D707693314B3BBD300B3936F /* BusesDetailViewController.m */ = {isa = PBXFileReference; fileEncoding = 4; lastKnownFileType = sourcecode.c.objc; path = BusesDetailViewController.m; sourceTree = "<group>"; };
		D73EC08A14B628DC0013DAF3 /* BStopDetailViewController.h */ = {isa = PBXFileReference; fileEncoding = 4; lastKnownFileType = sourcecode.c.h; path = BStopDetailViewController.h; sourceTree = "<group>"; };
		D73EC08B14B628DC0013DAF3 /* BStopDetailViewController.m */ = {isa = PBXFileReference; fileEncoding = 4; lastKnownFileType = sourcecode.c.objc; path = BStopDetailViewController.m; sourceTree = "<group>"; };
		D74658F414AA9B1D00F99E9C /* ASIAuthenticationDialog.h */ = {isa = PBXFileReference; fileEncoding = 4; lastKnownFileType = sourcecode.c.h; path = ASIAuthenticationDialog.h; sourceTree = "<group>"; };
		D74658F514AA9B1D00F99E9C /* ASIAuthenticationDialog.m */ = {isa = PBXFileReference; fileEncoding = 4; lastKnownFileType = sourcecode.c.objc; path = ASIAuthenticationDialog.m; sourceTree = "<group>"; };
		D74658F614AA9B1D00F99E9C /* ASICacheDelegate.h */ = {isa = PBXFileReference; fileEncoding = 4; lastKnownFileType = sourcecode.c.h; path = ASICacheDelegate.h; sourceTree = "<group>"; };
		D74658F714AA9B1D00F99E9C /* ASIDataCompressor.h */ = {isa = PBXFileReference; fileEncoding = 4; lastKnownFileType = sourcecode.c.h; path = ASIDataCompressor.h; sourceTree = "<group>"; };
		D74658F814AA9B1D00F99E9C /* ASIDataCompressor.m */ = {isa = PBXFileReference; fileEncoding = 4; lastKnownFileType = sourcecode.c.objc; path = ASIDataCompressor.m; sourceTree = "<group>"; };
		D74658F914AA9B1D00F99E9C /* ASIDataDecompressor.h */ = {isa = PBXFileReference; fileEncoding = 4; lastKnownFileType = sourcecode.c.h; path = ASIDataDecompressor.h; sourceTree = "<group>"; };
		D74658FA14AA9B1D00F99E9C /* ASIDataDecompressor.m */ = {isa = PBXFileReference; fileEncoding = 4; lastKnownFileType = sourcecode.c.objc; path = ASIDataDecompressor.m; sourceTree = "<group>"; };
		D74658FB14AA9B1D00F99E9C /* ASIDownloadCache.h */ = {isa = PBXFileReference; fileEncoding = 4; lastKnownFileType = sourcecode.c.h; path = ASIDownloadCache.h; sourceTree = "<group>"; };
		D74658FC14AA9B1D00F99E9C /* ASIDownloadCache.m */ = {isa = PBXFileReference; fileEncoding = 4; lastKnownFileType = sourcecode.c.objc; path = ASIDownloadCache.m; sourceTree = "<group>"; };
		D74658FD14AA9B1D00F99E9C /* ASIFormDataRequest.h */ = {isa = PBXFileReference; fileEncoding = 4; lastKnownFileType = sourcecode.c.h; path = ASIFormDataRequest.h; sourceTree = "<group>"; };
		D74658FE14AA9B1D00F99E9C /* ASIFormDataRequest.m */ = {isa = PBXFileReference; fileEncoding = 4; lastKnownFileType = sourcecode.c.objc; path = ASIFormDataRequest.m; sourceTree = "<group>"; };
		D74658FF14AA9B1D00F99E9C /* ASIHTTPRequest.h */ = {isa = PBXFileReference; fileEncoding = 4; lastKnownFileType = sourcecode.c.h; path = ASIHTTPRequest.h; sourceTree = "<group>"; };
		D746590014AA9B1D00F99E9C /* ASIHTTPRequest.m */ = {isa = PBXFileReference; fileEncoding = 4; lastKnownFileType = sourcecode.c.objc; path = ASIHTTPRequest.m; sourceTree = "<group>"; };
		D746590114AA9B1D00F99E9C /* ASIHTTPRequestConfig.h */ = {isa = PBXFileReference; fileEncoding = 4; lastKnownFileType = sourcecode.c.h; path = ASIHTTPRequestConfig.h; sourceTree = "<group>"; };
		D746590214AA9B1D00F99E9C /* ASIHTTPRequestDelegate.h */ = {isa = PBXFileReference; fileEncoding = 4; lastKnownFileType = sourcecode.c.h; path = ASIHTTPRequestDelegate.h; sourceTree = "<group>"; };
		D746590314AA9B1D00F99E9C /* ASIInputStream.h */ = {isa = PBXFileReference; fileEncoding = 4; lastKnownFileType = sourcecode.c.h; path = ASIInputStream.h; sourceTree = "<group>"; };
		D746590414AA9B1D00F99E9C /* ASIInputStream.m */ = {isa = PBXFileReference; fileEncoding = 4; lastKnownFileType = sourcecode.c.objc; path = ASIInputStream.m; sourceTree = "<group>"; };
		D746590514AA9B1D00F99E9C /* ASINetworkQueue.h */ = {isa = PBXFileReference; fileEncoding = 4; lastKnownFileType = sourcecode.c.h; path = ASINetworkQueue.h; sourceTree = "<group>"; };
		D746590614AA9B1D00F99E9C /* ASINetworkQueue.m */ = {isa = PBXFileReference; fileEncoding = 4; lastKnownFileType = sourcecode.c.objc; path = ASINetworkQueue.m; sourceTree = "<group>"; };
		D746590714AA9B1D00F99E9C /* ASIProgressDelegate.h */ = {isa = PBXFileReference; fileEncoding = 4; lastKnownFileType = sourcecode.c.h; path = ASIProgressDelegate.h; sourceTree = "<group>"; };
		D746590814AA9B1D00F99E9C /* Reachability.h */ = {isa = PBXFileReference; fileEncoding = 4; lastKnownFileType = sourcecode.c.h; path = Reachability.h; sourceTree = "<group>"; };
		D746590914AA9B1D00F99E9C /* Reachability.m */ = {isa = PBXFileReference; fileEncoding = 4; lastKnownFileType = sourcecode.c.objc; path = Reachability.m; sourceTree = "<group>"; };
		D746591414AA9B9300F99E9C /* CFNetwork.framework */ = {isa = PBXFileReference; lastKnownFileType = wrapper.framework; name = CFNetwork.framework; path = System/Library/Frameworks/CFNetwork.framework; sourceTree = SDKROOT; };
		D746591614AA9BBB00F99E9C /* SystemConfiguration.framework */ = {isa = PBXFileReference; lastKnownFileType = wrapper.framework; name = SystemConfiguration.framework; path = System/Library/Frameworks/SystemConfiguration.framework; sourceTree = SDKROOT; };
		D746591814AA9BC900F99E9C /* MobileCoreServices.framework */ = {isa = PBXFileReference; lastKnownFileType = wrapper.framework; name = MobileCoreServices.framework; path = System/Library/Frameworks/MobileCoreServices.framework; sourceTree = SDKROOT; };
		D746591A14AA9BE700F99E9C /* libz.dylib */ = {isa = PBXFileReference; lastKnownFileType = "compiled.mach-o.dylib"; name = libz.dylib; path = usr/lib/libz.dylib; sourceTree = SDKROOT; };
		D759F68614BBD35300097C10 /* NewRouteTableViewController.h */ = {isa = PBXFileReference; fileEncoding = 4; lastKnownFileType = sourcecode.c.h; path = NewRouteTableViewController.h; sourceTree = "<group>"; };
		D759F68714BBD35300097C10 /* NewRouteTableViewController.m */ = {isa = PBXFileReference; fileEncoding = 4; lastKnownFileType = sourcecode.c.objc; path = NewRouteTableViewController.m; sourceTree = "<group>"; };
		D763279D14BA5C0000CB2C47 /* AlertTableViewController.h */ = {isa = PBXFileReference; fileEncoding = 4; lastKnownFileType = sourcecode.c.h; path = AlertTableViewController.h; sourceTree = "<group>"; };
		D763279E14BA5C0000CB2C47 /* AlertTableViewController.m */ = {isa = PBXFileReference; fileEncoding = 4; lastKnownFileType = sourcecode.c.objc; path = AlertTableViewController.m; sourceTree = "<group>"; };
		D76B224C14B67D3500338950 /* DataController.h */ = {isa = PBXFileReference; fileEncoding = 4; lastKnownFileType = sourcecode.c.h; path = DataController.h; sourceTree = "<group>"; };
		D76B224D14B67D3500338950 /* DataController.m */ = {isa = PBXFileReference; fileEncoding = 4; lastKnownFileType = sourcecode.c.objc; path = DataController.m; sourceTree = "<group>"; };
		D7817B4514BC8FB000CBCD00 /* Alert.h */ = {isa = PBXFileReference; fileEncoding = 4; lastKnownFileType = sourcecode.c.h; path = Alert.h; sourceTree = "<group>"; };
		D7817B4614BC8FB000CBCD00 /* Alert.m */ = {isa = PBXFileReference; fileEncoding = 4; lastKnownFileType = sourcecode.c.objc; path = Alert.m; sourceTree = "<group>"; };
		D7817B4814BC8FC500CBCD00 /* Bus.h */ = {isa = PBXFileReference; fileEncoding = 4; lastKnownFileType = sourcecode.c.h; path = Bus.h; sourceTree = "<group>"; };
		D7817B4914BC8FC500CBCD00 /* Bus.m */ = {isa = PBXFileReference; fileEncoding = 4; lastKnownFileType = sourcecode.c.objc; path = Bus.m; sourceTree = "<group>"; };
		D7817B4B14BC8FD800CBCD00 /* BusStop.h */ = {isa = PBXFileReference; fileEncoding = 4; lastKnownFileType = sourcecode.c.h; path = BusStop.h; sourceTree = "<group>"; };
		D7817B4C14BC8FD800CBCD00 /* BusStop.m */ = {isa = PBXFileReference; fileEncoding = 4; lastKnownFileType = sourcecode.c.objc; path = BusStop.m; sourceTree = "<group>"; };
		D7817B5114BC900300CBCD00 /* BusStop_Line.h */ = {isa = PBXFileReference; fileEncoding = 4; lastKnownFileType = sourcecode.c.h; path = BusStop_Line.h; sourceTree = "<group>"; };
		D7817B5214BC900300CBCD00 /* BusStop_Line.m */ = {isa = PBXFileReference; fileEncoding = 4; lastKnownFileType = sourcecode.c.objc; path = BusStop_Line.m; sourceTree = "<group>"; };
		D7817B5414BC901700CBCD00 /* Line.h */ = {isa = PBXFileReference; fileEncoding = 4; lastKnownFileType = sourcecode.c.h; path = Line.h; sourceTree = "<group>"; };
		D7817B5514BC901700CBCD00 /* Line.m */ = {isa = PBXFileReference; fileEncoding = 4; lastKnownFileType = sourcecode.c.objc; path = Line.m; sourceTree = "<group>"; };
		D7817B5714BC902600CBCD00 /* ReferencePoint.h */ = {isa = PBXFileReference; fileEncoding = 4; lastKnownFileType = sourcecode.c.h; path = ReferencePoint.h; sourceTree = "<group>"; };
		D7817B5814BC902600CBCD00 /* ReferencePoint.m */ = {isa = PBXFileReference; fileEncoding = 4; lastKnownFileType = sourcecode.c.objc; path = ReferencePoint.m; sourceTree = "<group>"; };
		D7817B5A14BC903F00CBCD00 /* Route.h */ = {isa = PBXFileReference; fileEncoding = 4; lastKnownFileType = sourcecode.c.h; path = Route.h; sourceTree = "<group>"; };
		D7817B5B14BC903F00CBCD00 /* Route.m */ = {isa = PBXFileReference; fileEncoding = 4; lastKnownFileType = sourcecode.c.objc; path = Route.m; sourceTree = "<group>"; };
		D7888D3614AD32F600554E8D /* MapViewController.h */ = {isa = PBXFileReference; fileEncoding = 4; lastKnownFileType = sourcecode.c.h; path = MapViewController.h; sourceTree = "<group>"; };
		D7888D3714AD32F600554E8D /* MapViewController.m */ = {isa = PBXFileReference; fileEncoding = 4; lastKnownFileType = sourcecode.c.objc; path = MapViewController.m; sourceTree = "<group>"; };
		D7888D3B14AD332B00554E8D /* Storyboard.storyboard */ = {isa = PBXFileReference; fileEncoding = 4; lastKnownFileType = file.storyboard; path = Storyboard.storyboard; sourceTree = "<group>"; };
		D78BFADA14BB521700A602B9 /* RoutesTableViewController.h */ = {isa = PBXFileReference; fileEncoding = 4; lastKnownFileType = sourcecode.c.h; path = RoutesTableViewController.h; sourceTree = "<group>"; };
		D78BFADB14BB521700A602B9 /* RoutesTableViewController.m */ = {isa = PBXFileReference; fileEncoding = 4; lastKnownFileType = sourcecode.c.objc; path = RoutesTableViewController.m; sourceTree = "<group>"; };
		D78BFAE414BB5BFB00A602B9 /* NewAlertViewController.h */ = {isa = PBXFileReference; fileEncoding = 4; lastKnownFileType = sourcecode.c.h; path = NewAlertViewController.h; sourceTree = "<group>"; };
		D78BFAE514BB5BFB00A602B9 /* NewAlertViewController.m */ = {isa = PBXFileReference; fileEncoding = 4; lastKnownFileType = sourcecode.c.objc; path = NewAlertViewController.m; sourceTree = "<group>"; };
		D78BFAE714BB5C7700A602B9 /* AlertDetailViewController.h */ = {isa = PBXFileReference; fileEncoding = 4; lastKnownFileType = sourcecode.c.h; path = AlertDetailViewController.h; sourceTree = "<group>"; };
		D78BFAE814BB5C7700A602B9 /* AlertDetailViewController.m */ = {isa = PBXFileReference; fileEncoding = 4; lastKnownFileType = sourcecode.c.objc; path = AlertDetailViewController.m; sourceTree = "<group>"; };
		D78BFAEA14BB5DAE00A602B9 /* RouteDetailViewController.h */ = {isa = PBXFileReference; fileEncoding = 4; lastKnownFileType = sourcecode.c.h; path = RouteDetailViewController.h; sourceTree = "<group>"; };
		D78BFAEB14BB5DAE00A602B9 /* RouteDetailViewController.m */ = {isa = PBXFileReference; fileEncoding = 4; lastKnownFileType = sourcecode.c.objc; path = RouteDetailViewController.m; sourceTree = "<group>"; };
		D790153714BC93270087EBE2 /* Version.h */ = {isa = PBXFileReference; fileEncoding = 4; lastKnownFileType = sourcecode.c.h; path = Version.h; sourceTree = "<group>"; };
		D790153814BC93270087EBE2 /* Version.m */ = {isa = PBXFileReference; fileEncoding = 4; lastKnownFileType = sourcecode.c.objc; path = Version.m; sourceTree = "<group>"; };
		D7C4AFCB14BD22DB00EDAE7A /* RouteBusStopPickerTVController.h */ = {isa = PBXFileReference; fileEncoding = 4; lastKnownFileType = sourcecode.c.h; path = RouteBusStopPickerTVController.h; sourceTree = "<group>"; };
		D7C4AFCC14BD22DB00EDAE7A /* RouteBusStopPickerTVController.m */ = {isa = PBXFileReference; fileEncoding = 4; lastKnownFileType = sourcecode.c.objc; path = RouteBusStopPickerTVController.m; sourceTree = "<group>"; };
		D7C4AFD314BD2D7700EDAE7A /* mapTab.png */ = {isa = PBXFileReference; lastKnownFileType = image.png; name = mapTab.png; path = MaisMobilis/Images/mapTab.png; sourceTree = "<group>"; };
		D7C4AFD714BD3FC600EDAE7A /* logo.png */ = {isa = PBXFileReference; lastKnownFileType = image.png; path = logo.png; sourceTree = "<group>"; };
		D7C7BFB514B34FB2007265CE /* BusesTableViewController.h */ = {isa = PBXFileReference; fileEncoding = 4; lastKnownFileType = sourcecode.c.h; path = BusesTableViewController.h; sourceTree = "<group>"; };
		D7C7BFB614B34FB2007265CE /* BusesTableViewController.m */ = {isa = PBXFileReference; fileEncoding = 4; lastKnownFileType = sourcecode.c.objc; path = BusesTableViewController.m; sourceTree = "<group>"; };
		E215E44F14AA979400C3A4F2 /* MaisMobilis.app */ = {isa = PBXFileReference; explicitFileType = wrapper.application; includeInIndex = 0; path = MaisMobilis.app; sourceTree = BUILT_PRODUCTS_DIR; };
		E215E45314AA979400C3A4F2 /* UIKit.framework */ = {isa = PBXFileReference; lastKnownFileType = wrapper.framework; name = UIKit.framework; path = System/Library/Frameworks/UIKit.framework; sourceTree = SDKROOT; };
		E215E45514AA979400C3A4F2 /* Foundation.framework */ = {isa = PBXFileReference; lastKnownFileType = wrapper.framework; name = Foundation.framework; path = System/Library/Frameworks/Foundation.framework; sourceTree = SDKROOT; };
		E215E45714AA979400C3A4F2 /* CoreGraphics.framework */ = {isa = PBXFileReference; lastKnownFileType = wrapper.framework; name = CoreGraphics.framework; path = System/Library/Frameworks/CoreGraphics.framework; sourceTree = SDKROOT; };
		E215E45914AA979400C3A4F2 /* CoreData.framework */ = {isa = PBXFileReference; lastKnownFileType = wrapper.framework; name = CoreData.framework; path = System/Library/Frameworks/CoreData.framework; sourceTree = SDKROOT; };
		E215E45D14AA979400C3A4F2 /* MaisMobilis-Info.plist */ = {isa = PBXFileReference; lastKnownFileType = text.plist.xml; path = "MaisMobilis-Info.plist"; sourceTree = "<group>"; };
		E215E45F14AA979400C3A4F2 /* en */ = {isa = PBXFileReference; lastKnownFileType = text.plist.strings; name = en; path = en.lproj/InfoPlist.strings; sourceTree = "<group>"; };
		E215E46114AA979400C3A4F2 /* main.m */ = {isa = PBXFileReference; lastKnownFileType = sourcecode.c.objc; path = main.m; sourceTree = "<group>"; };
		E215E46314AA979500C3A4F2 /* MaisMobilis-Prefix.pch */ = {isa = PBXFileReference; lastKnownFileType = sourcecode.c.h; path = "MaisMobilis-Prefix.pch"; sourceTree = "<group>"; };
		E215E46414AA979500C3A4F2 /* AppDelegate.h */ = {isa = PBXFileReference; lastKnownFileType = sourcecode.c.h; path = AppDelegate.h; sourceTree = "<group>"; };
		E215E46514AA979500C3A4F2 /* AppDelegate.m */ = {isa = PBXFileReference; lastKnownFileType = sourcecode.c.objc; path = AppDelegate.m; sourceTree = "<group>"; };
		E215E46814AA979500C3A4F2 /* MaisMobilis.xcdatamodel */ = {isa = PBXFileReference; lastKnownFileType = wrapper.xcdatamodel; path = MaisMobilis.xcdatamodel; sourceTree = "<group>"; };
		E23BC1E714B91E0A00942484 /* WebBusstopLines.h */ = {isa = PBXFileReference; fileEncoding = 4; lastKnownFileType = sourcecode.c.h; name = WebBusstopLines.h; path = MaisMobilis/Webservice/WebBusstopLines.h; sourceTree = "<group>"; };
		E23BC1E814B91E0A00942484 /* WebBusstopLines.m */ = {isa = PBXFileReference; fileEncoding = 4; lastKnownFileType = sourcecode.c.objc; name = WebBusstopLines.m; path = MaisMobilis/Webservice/WebBusstopLines.m; sourceTree = "<group>"; };
		E25056CE14B0DCC200E23C40 /* MapKit.framework */ = {isa = PBXFileReference; lastKnownFileType = wrapper.framework; name = MapKit.framework; path = System/Library/Frameworks/MapKit.framework; sourceTree = SDKROOT; };
		E270F10914B12CDC00AA4531 /* BusstopAnnotation.h */ = {isa = PBXFileReference; fileEncoding = 4; lastKnownFileType = sourcecode.c.h; path = BusstopAnnotation.h; sourceTree = "<group>"; };
		E270F10A14B12CDD00AA4531 /* BusstopAnnotation.m */ = {isa = PBXFileReference; fileEncoding = 4; lastKnownFileType = sourcecode.c.objc; path = BusstopAnnotation.m; sourceTree = "<group>"; };
		E270F10D14B1398400AA4531 /* WebReferencePoint.h */ = {isa = PBXFileReference; fileEncoding = 4; lastKnownFileType = sourcecode.c.h; name = WebReferencePoint.h; path = MaisMobilis/Webservice/WebReferencePoint.h; sourceTree = "<group>"; };
		E270F10E14B1398400AA4531 /* WebReferencePoint.m */ = {isa = PBXFileReference; fileEncoding = 4; lastKnownFileType = sourcecode.c.objc; name = WebReferencePoint.m; path = MaisMobilis/Webservice/WebReferencePoint.m; sourceTree = "<group>"; };
		E270F12014B1410800AA4531 /* greensquare.png */ = {isa = PBXFileReference; lastKnownFileType = image.png; name = greensquare.png; path = MaisMobilis/Images/greensquare.png; sourceTree = "<group>"; };
		E270F12114B1410800AA4531 /* redsquare.png */ = {isa = PBXFileReference; lastKnownFileType = image.png; name = redsquare.png; path = MaisMobilis/Images/redsquare.png; sourceTree = "<group>"; };
		E2B384F114BE51A200465021 /* Reachability.h */ = {isa = PBXFileReference; fileEncoding = 4; lastKnownFileType = sourcecode.c.h; name = Reachability.h; path = MaisMobilis/Reachability.h; sourceTree = "<group>"; };
		E2B384F214BE51A200465021 /* Reachability.m */ = {isa = PBXFileReference; fileEncoding = 4; lastKnownFileType = sourcecode.c.objc; name = Reachability.m; path = MaisMobilis/Reachability.m; sourceTree = "<group>"; };
		E2B6173D14B1EA01008E175C /* redandgreensquare.png */ = {isa = PBXFileReference; lastKnownFileType = image.png; name = redandgreensquare.png; path = MaisMobilis/Images/redandgreensquare.png; sourceTree = "<group>"; };
		E2B6174B14B21598008E175C /* greenbus.png */ = {isa = PBXFileReference; lastKnownFileType = image.png; name = greenbus.png; path = MaisMobilis/Images/greenbus.png; sourceTree = "<group>"; };
		E2B6174C14B21598008E175C /* redbus.png */ = {isa = PBXFileReference; lastKnownFileType = image.png; name = redbus.png; path = MaisMobilis/Images/redbus.png; sourceTree = "<group>"; };
		E2B6174F14B2221C008E175C /* BusAnnotation.h */ = {isa = PBXFileReference; fileEncoding = 4; lastKnownFileType = sourcecode.c.h; path = BusAnnotation.h; sourceTree = "<group>"; };
		E2B6175014B2221C008E175C /* BusAnnotation.m */ = {isa = PBXFileReference; fileEncoding = 4; lastKnownFileType = sourcecode.c.objc; path = BusAnnotation.m; sourceTree = "<group>"; };
		E2B8CAAC14BBACE700705381 /* WebVersion.h */ = {isa = PBXFileReference; fileEncoding = 4; lastKnownFileType = sourcecode.c.h; name = WebVersion.h; path = MaisMobilis/Webservice/WebVersion.h; sourceTree = "<group>"; };
		E2B8CAAD14BBACE700705381 /* WebVersion.m */ = {isa = PBXFileReference; fileEncoding = 4; lastKnownFileType = sourcecode.c.objc; name = WebVersion.m; path = MaisMobilis/Webservice/WebVersion.m; sourceTree = "<group>"; };
		E2E6142914AB998A007AF944 /* WebBus.h */ = {isa = PBXFileReference; fileEncoding = 4; lastKnownFileType = sourcecode.c.h; name = WebBus.h; path = MaisMobilis/Webservice/WebBus.h; sourceTree = "<group>"; };
		E2E6142A14AB998A007AF944 /* WebBus.m */ = {isa = PBXFileReference; fileEncoding = 4; lastKnownFileType = sourcecode.c.objc; name = WebBus.m; path = MaisMobilis/Webservice/WebBus.m; sourceTree = "<group>"; };
		E2E6142C14AB99AE007AF944 /* WebBusstops.h */ = {isa = PBXFileReference; fileEncoding = 4; lastKnownFileType = sourcecode.c.h; name = WebBusstops.h; path = MaisMobilis/Webservice/WebBusstops.h; sourceTree = "<group>"; };
		E2E6142D14AB99AE007AF944 /* WebBusstops.m */ = {isa = PBXFileReference; fileEncoding = 4; lastKnownFileType = sourcecode.c.objc; name = WebBusstops.m; path = MaisMobilis/Webservice/WebBusstops.m; sourceTree = "<group>"; };
		E2E6142F14AB99C3007AF944 /* WebLines.h */ = {isa = PBXFileReference; fileEncoding = 4; lastKnownFileType = sourcecode.c.h; name = WebLines.h; path = MaisMobilis/Webservice/WebLines.h; sourceTree = "<group>"; };
		E2E6143014AB99C3007AF944 /* WebLines.m */ = {isa = PBXFileReference; fileEncoding = 4; lastKnownFileType = sourcecode.c.objc; name = WebLines.m; path = MaisMobilis/Webservice/WebLines.m; sourceTree = "<group>"; };
		E2E6143214ABA6BD007AF944 /* MaisMobilisWebService.h */ = {isa = PBXFileReference; fileEncoding = 4; lastKnownFileType = sourcecode.c.h; name = MaisMobilisWebService.h; path = MaisMobilis/Webservice/MaisMobilisWebService.h; sourceTree = "<group>"; };
		E2E6143314ABA6BD007AF944 /* MaisMobilisWebService.m */ = {isa = PBXFileReference; fileEncoding = 4; lastKnownFileType = sourcecode.c.objc; name = MaisMobilisWebService.m; path = MaisMobilis/Webservice/MaisMobilisWebService.m; sourceTree = "<group>"; };
		E2E6145D14ABAA57007AF944 /* JSON.h */ = {isa = PBXFileReference; fileEncoding = 4; lastKnownFileType = sourcecode.c.h; name = JSON.h; path = MaisMobilis/SBJson/JSON.h; sourceTree = "<group>"; };
		E2E6145E14ABAA57007AF944 /* NSObject+SBJson.h */ = {isa = PBXFileReference; fileEncoding = 4; lastKnownFileType = sourcecode.c.h; name = "NSObject+SBJson.h"; path = "MaisMobilis/SBJson/NSObject+SBJson.h"; sourceTree = "<group>"; };
		E2E6145F14ABAA57007AF944 /* NSObject+SBJson.m */ = {isa = PBXFileReference; fileEncoding = 4; lastKnownFileType = sourcecode.c.objc; name = "NSObject+SBJson.m"; path = "MaisMobilis/SBJson/NSObject+SBJson.m"; sourceTree = "<group>"; };
		E2E6146014ABAA57007AF944 /* SBJson.h */ = {isa = PBXFileReference; fileEncoding = 4; lastKnownFileType = sourcecode.c.h; name = SBJson.h; path = MaisMobilis/SBJson/SBJson.h; sourceTree = "<group>"; };
		E2E6146114ABAA57007AF944 /* SBJsonParser.h */ = {isa = PBXFileReference; fileEncoding = 4; lastKnownFileType = sourcecode.c.h; name = SBJsonParser.h; path = MaisMobilis/SBJson/SBJsonParser.h; sourceTree = "<group>"; };
		E2E6146214ABAA57007AF944 /* SBJsonParser.m */ = {isa = PBXFileReference; fileEncoding = 4; lastKnownFileType = sourcecode.c.objc; name = SBJsonParser.m; path = MaisMobilis/SBJson/SBJsonParser.m; sourceTree = "<group>"; };
		E2E6146314ABAA57007AF944 /* SBJsonStreamParser.h */ = {isa = PBXFileReference; fileEncoding = 4; lastKnownFileType = sourcecode.c.h; name = SBJsonStreamParser.h; path = MaisMobilis/SBJson/SBJsonStreamParser.h; sourceTree = "<group>"; };
		E2E6146414ABAA57007AF944 /* SBJsonStreamParser.m */ = {isa = PBXFileReference; fileEncoding = 4; lastKnownFileType = sourcecode.c.objc; name = SBJsonStreamParser.m; path = MaisMobilis/SBJson/SBJsonStreamParser.m; sourceTree = "<group>"; };
		E2E6146514ABAA57007AF944 /* SBJsonStreamParserAccumulator.h */ = {isa = PBXFileReference; fileEncoding = 4; lastKnownFileType = sourcecode.c.h; name = SBJsonStreamParserAccumulator.h; path = MaisMobilis/SBJson/SBJsonStreamParserAccumulator.h; sourceTree = "<group>"; };
		E2E6146614ABAA57007AF944 /* SBJsonStreamParserAccumulator.m */ = {isa = PBXFileReference; fileEncoding = 4; lastKnownFileType = sourcecode.c.objc; name = SBJsonStreamParserAccumulator.m; path = MaisMobilis/SBJson/SBJsonStreamParserAccumulator.m; sourceTree = "<group>"; };
		E2E6146714ABAA57007AF944 /* SBJsonStreamParserAdapter.h */ = {isa = PBXFileReference; fileEncoding = 4; lastKnownFileType = sourcecode.c.h; name = SBJsonStreamParserAdapter.h; path = MaisMobilis/SBJson/SBJsonStreamParserAdapter.h; sourceTree = "<group>"; };
		E2E6146814ABAA57007AF944 /* SBJsonStreamParserAdapter.m */ = {isa = PBXFileReference; fileEncoding = 4; lastKnownFileType = sourcecode.c.objc; name = SBJsonStreamParserAdapter.m; path = MaisMobilis/SBJson/SBJsonStreamParserAdapter.m; sourceTree = "<group>"; };
		E2E6146914ABAA57007AF944 /* SBJsonStreamParserState.h */ = {isa = PBXFileReference; fileEncoding = 4; lastKnownFileType = sourcecode.c.h; name = SBJsonStreamParserState.h; path = MaisMobilis/SBJson/SBJsonStreamParserState.h; sourceTree = "<group>"; };
		E2E6146A14ABAA57007AF944 /* SBJsonStreamParserState.m */ = {isa = PBXFileReference; fileEncoding = 4; lastKnownFileType = sourcecode.c.objc; name = SBJsonStreamParserState.m; path = MaisMobilis/SBJson/SBJsonStreamParserState.m; sourceTree = "<group>"; };
		E2E6146B14ABAA57007AF944 /* SBJsonStreamWriter.h */ = {isa = PBXFileReference; fileEncoding = 4; lastKnownFileType = sourcecode.c.h; name = SBJsonStreamWriter.h; path = MaisMobilis/SBJson/SBJsonStreamWriter.h; sourceTree = "<group>"; };
		E2E6146C14ABAA57007AF944 /* SBJsonStreamWriter.m */ = {isa = PBXFileReference; fileEncoding = 4; lastKnownFileType = sourcecode.c.objc; name = SBJsonStreamWriter.m; path = MaisMobilis/SBJson/SBJsonStreamWriter.m; sourceTree = "<group>"; };
		E2E6146D14ABAA57007AF944 /* SBJsonStreamWriterAccumulator.h */ = {isa = PBXFileReference; fileEncoding = 4; lastKnownFileType = sourcecode.c.h; name = SBJsonStreamWriterAccumulator.h; path = MaisMobilis/SBJson/SBJsonStreamWriterAccumulator.h; sourceTree = "<group>"; };
		E2E6146E14ABAA57007AF944 /* SBJsonStreamWriterAccumulator.m */ = {isa = PBXFileReference; fileEncoding = 4; lastKnownFileType = sourcecode.c.objc; name = SBJsonStreamWriterAccumulator.m; path = MaisMobilis/SBJson/SBJsonStreamWriterAccumulator.m; sourceTree = "<group>"; };
		E2E6146F14ABAA57007AF944 /* SBJsonStreamWriterState.h */ = {isa = PBXFileReference; fileEncoding = 4; lastKnownFileType = sourcecode.c.h; name = SBJsonStreamWriterState.h; path = MaisMobilis/SBJson/SBJsonStreamWriterState.h; sourceTree = "<group>"; };
		E2E6147014ABAA57007AF944 /* SBJsonStreamWriterState.m */ = {isa = PBXFileReference; fileEncoding = 4; lastKnownFileType = sourcecode.c.objc; name = SBJsonStreamWriterState.m; path = MaisMobilis/SBJson/SBJsonStreamWriterState.m; sourceTree = "<group>"; };
		E2E6147114ABAA57007AF944 /* SBJsonTokeniser.h */ = {isa = PBXFileReference; fileEncoding = 4; lastKnownFileType = sourcecode.c.h; name = SBJsonTokeniser.h; path = MaisMobilis/SBJson/SBJsonTokeniser.h; sourceTree = "<group>"; };
		E2E6147214ABAA57007AF944 /* SBJsonTokeniser.m */ = {isa = PBXFileReference; fileEncoding = 4; lastKnownFileType = sourcecode.c.objc; name = SBJsonTokeniser.m; path = MaisMobilis/SBJson/SBJsonTokeniser.m; sourceTree = "<group>"; };
		E2E6147314ABAA57007AF944 /* SBJsonUTF8Stream.h */ = {isa = PBXFileReference; fileEncoding = 4; lastKnownFileType = sourcecode.c.h; name = SBJsonUTF8Stream.h; path = MaisMobilis/SBJson/SBJsonUTF8Stream.h; sourceTree = "<group>"; };
		E2E6147414ABAA57007AF944 /* SBJsonUTF8Stream.m */ = {isa = PBXFileReference; fileEncoding = 4; lastKnownFileType = sourcecode.c.objc; name = SBJsonUTF8Stream.m; path = MaisMobilis/SBJson/SBJsonUTF8Stream.m; sourceTree = "<group>"; };
		E2E6147514ABAA57007AF944 /* SBJsonWriter.h */ = {isa = PBXFileReference; fileEncoding = 4; lastKnownFileType = sourcecode.c.h; name = SBJsonWriter.h; path = MaisMobilis/SBJson/SBJsonWriter.h; sourceTree = "<group>"; };
		E2E6147614ABAA57007AF944 /* SBJsonWriter.m */ = {isa = PBXFileReference; fileEncoding = 4; lastKnownFileType = sourcecode.c.objc; name = SBJsonWriter.m; path = MaisMobilis/SBJson/SBJsonWriter.m; sourceTree = "<group>"; };
/* End PBXFileReference section */

/* Begin PBXFrameworksBuildPhase section */
		E215E44C14AA979400C3A4F2 /* Frameworks */ = {
			isa = PBXFrameworksBuildPhase;
			buildActionMask = 2147483647;
			files = (
				E25056CF14B0DCC200E23C40 /* MapKit.framework in Frameworks */,
				D746591B14AA9BE700F99E9C /* libz.dylib in Frameworks */,
				E215E45814AA979400C3A4F2 /* CoreGraphics.framework in Frameworks */,
				D746591914AA9BC900F99E9C /* MobileCoreServices.framework in Frameworks */,
				D746591714AA9BBB00F99E9C /* SystemConfiguration.framework in Frameworks */,
				D746591514AA9B9300F99E9C /* CFNetwork.framework in Frameworks */,
				E215E45414AA979400C3A4F2 /* UIKit.framework in Frameworks */,
				E215E45614AA979400C3A4F2 /* Foundation.framework in Frameworks */,
				E215E45A14AA979400C3A4F2 /* CoreData.framework in Frameworks */,
			);
			runOnlyForDeploymentPostprocessing = 0;
		};
/* End PBXFrameworksBuildPhase section */

/* Begin PBXGroup section */
		D74658F314AA9B1D00F99E9C /* ASIAPI */ = {
			isa = PBXGroup;
			children = (
				D74658F414AA9B1D00F99E9C /* ASIAuthenticationDialog.h */,
				D74658F614AA9B1D00F99E9C /* ASICacheDelegate.h */,
				D74658F714AA9B1D00F99E9C /* ASIDataCompressor.h */,
				D74658F914AA9B1D00F99E9C /* ASIDataDecompressor.h */,
				D74658FB14AA9B1D00F99E9C /* ASIDownloadCache.h */,
				D74658FD14AA9B1D00F99E9C /* ASIFormDataRequest.h */,
				D74658FF14AA9B1D00F99E9C /* ASIHTTPRequest.h */,
				D746590114AA9B1D00F99E9C /* ASIHTTPRequestConfig.h */,
				D746590214AA9B1D00F99E9C /* ASIHTTPRequestDelegate.h */,
				D746590314AA9B1D00F99E9C /* ASIInputStream.h */,
				D746590514AA9B1D00F99E9C /* ASINetworkQueue.h */,
				D746590714AA9B1D00F99E9C /* ASIProgressDelegate.h */,
				D746590814AA9B1D00F99E9C /* Reachability.h */,
				D74658F514AA9B1D00F99E9C /* ASIAuthenticationDialog.m */,
				D74658F814AA9B1D00F99E9C /* ASIDataCompressor.m */,
				D74658FA14AA9B1D00F99E9C /* ASIDataDecompressor.m */,
				D74658FC14AA9B1D00F99E9C /* ASIDownloadCache.m */,
				D74658FE14AA9B1D00F99E9C /* ASIFormDataRequest.m */,
				D746590014AA9B1D00F99E9C /* ASIHTTPRequest.m */,
				D746590414AA9B1D00F99E9C /* ASIInputStream.m */,
				D746590614AA9B1D00F99E9C /* ASINetworkQueue.m */,
				D746590914AA9B1D00F99E9C /* Reachability.m */,
			);
			name = ASIAPI;
			path = MaisMobilis/ASIAPI;
			sourceTree = "<group>";
		};
		D78BFAD414BA6F4300A602B9 /* UIControllers */ = {
			isa = PBXGroup;
			children = (
				D78BFAE714BB5C7700A602B9 /* AlertDetailViewController.h */,
				D78BFAE814BB5C7700A602B9 /* AlertDetailViewController.m */,
				D763279D14BA5C0000CB2C47 /* AlertTableViewController.h */,
				D763279E14BA5C0000CB2C47 /* AlertTableViewController.m */,
				D73EC08A14B628DC0013DAF3 /* BStopDetailViewController.h */,
				D73EC08B14B628DC0013DAF3 /* BStopDetailViewController.m */,
				D707693214B3BBD300B3936F /* BusesDetailViewController.h */,
				D707693314B3BBD300B3936F /* BusesDetailViewController.m */,
				D7C7BFB514B34FB2007265CE /* BusesTableViewController.h */,
				D7C7BFB614B34FB2007265CE /* BusesTableViewController.m */,
				D7888D3614AD32F600554E8D /* MapViewController.h */,
				D7888D3714AD32F600554E8D /* MapViewController.m */,
				D78BFAE414BB5BFB00A602B9 /* NewAlertViewController.h */,
				D78BFAE514BB5BFB00A602B9 /* NewAlertViewController.m */,
				D78BFADA14BB521700A602B9 /* RoutesTableViewController.h */,
				D78BFADB14BB521700A602B9 /* RoutesTableViewController.m */,
				D705BE4E14B3F1FD00BE8DE4 /* StopTableViewController.h */,
				D705BE4F14B3F1FD00BE8DE4 /* StopTableViewController.m */,
				D78BFAEA14BB5DAE00A602B9 /* RouteDetailViewController.h */,
				D78BFAEB14BB5DAE00A602B9 /* RouteDetailViewController.m */,
				D759F68614BBD35300097C10 /* NewRouteTableViewController.h */,
				D759F68714BBD35300097C10 /* NewRouteTableViewController.m */,
				D7C4AFCB14BD22DB00EDAE7A /* RouteBusStopPickerTVController.h */,
				D7C4AFCC14BD22DB00EDAE7A /* RouteBusStopPickerTVController.m */,
			);
			name = UIControllers;
			sourceTree = "<group>";
		};
		D78BFAD514BA6F8600A602B9 /* Entities */ = {
			isa = PBXGroup;
			children = (
				D790153714BC93270087EBE2 /* Version.h */,
				D790153814BC93270087EBE2 /* Version.m */,
				D7817B5A14BC903F00CBCD00 /* Route.h */,
				D7817B5B14BC903F00CBCD00 /* Route.m */,
				D7817B5714BC902600CBCD00 /* ReferencePoint.h */,
				D7817B5814BC902600CBCD00 /* ReferencePoint.m */,
				D7817B5414BC901700CBCD00 /* Line.h */,
				D7817B5514BC901700CBCD00 /* Line.m */,
				D7817B5114BC900300CBCD00 /* BusStop_Line.h */,
				D7817B5214BC900300CBCD00 /* BusStop_Line.m */,
				D7817B4B14BC8FD800CBCD00 /* BusStop.h */,
				D7817B4C14BC8FD800CBCD00 /* BusStop.m */,
				D7817B4814BC8FC500CBCD00 /* Bus.h */,
				D7817B4914BC8FC500CBCD00 /* Bus.m */,
				E215E46714AA979500C3A4F2 /* MaisMobilis.xcdatamodeld */,
				D7817B4514BC8FB000CBCD00 /* Alert.h */,
				D7817B4614BC8FB000CBCD00 /* Alert.m */,
			);
			name = Entities;
			sourceTree = "<group>";
		};
		E215E44414AA979400C3A4F2 = {
			isa = PBXGroup;
			children = (
				E2B384F014BE511700465021 /* Reachability */,
				D7C4AFD714BD3FC600EDAE7A /* logo.png */,
				E270F11F14B1407200AA4531 /* Images */,
				E25056CE14B0DCC200E23C40 /* MapKit.framework */,
				D746591A14AA9BE700F99E9C /* libz.dylib */,
				D746591414AA9B9300F99E9C /* CFNetwork.framework */,
				D746591814AA9BC900F99E9C /* MobileCoreServices.framework */,
				D746591614AA9BBB00F99E9C /* SystemConfiguration.framework */,
				D74658F314AA9B1D00F99E9C /* ASIAPI */,
				E215E45214AA979400C3A4F2 /* Frameworks */,
				E215E45B14AA979400C3A4F2 /* MaisMobilis */,
				E215E45014AA979400C3A4F2 /* Products */,
				E2E6143514ABA97B007AF944 /* SBJson */,
				E2E6142814AB9970007AF944 /* Webservice */,
			);
			sourceTree = "<group>";
		};
		E215E45014AA979400C3A4F2 /* Products */ = {
			isa = PBXGroup;
			children = (
				E215E44F14AA979400C3A4F2 /* MaisMobilis.app */,
			);
			name = Products;
			sourceTree = "<group>";
		};
		E215E45214AA979400C3A4F2 /* Frameworks */ = {
			isa = PBXGroup;
			children = (
				E215E45314AA979400C3A4F2 /* UIKit.framework */,
				E215E45514AA979400C3A4F2 /* Foundation.framework */,
				E215E45714AA979400C3A4F2 /* CoreGraphics.framework */,
				E215E45914AA979400C3A4F2 /* CoreData.framework */,
			);
			name = Frameworks;
			sourceTree = "<group>";
		};
		E215E45B14AA979400C3A4F2 /* MaisMobilis */ = {
			isa = PBXGroup;
			children = (
				E2B6174F14B2221C008E175C /* BusAnnotation.h */,
				E2B6175014B2221C008E175C /* BusAnnotation.m */,
				E215E46414AA979500C3A4F2 /* AppDelegate.h */,
				E215E46514AA979500C3A4F2 /* AppDelegate.m */,
				E270F10914B12CDC00AA4531 /* BusstopAnnotation.h */,
				E270F10A14B12CDD00AA4531 /* BusstopAnnotation.m */,
				D76B224C14B67D3500338950 /* DataController.h */,
				D76B224D14B67D3500338950 /* DataController.m */,
				D78BFAD514BA6F8600A602B9 /* Entities */,
				D7888D3B14AD332B00554E8D /* Storyboard.storyboard */,
				E215E45C14AA979400C3A4F2 /* Supporting Files */,
				D78BFAD414BA6F4300A602B9 /* UIControllers */,
			);
			path = MaisMobilis;
			sourceTree = "<group>";
		};
		E215E45C14AA979400C3A4F2 /* Supporting Files */ = {
			isa = PBXGroup;
			children = (
				E215E45D14AA979400C3A4F2 /* MaisMobilis-Info.plist */,
				E215E45E14AA979400C3A4F2 /* InfoPlist.strings */,
				E215E46114AA979400C3A4F2 /* main.m */,
				E215E46314AA979500C3A4F2 /* MaisMobilis-Prefix.pch */,
			);
			name = "Supporting Files";
			sourceTree = "<group>";
		};
		E270F11F14B1407200AA4531 /* Images */ = {
			isa = PBXGroup;
			children = (
				D7C4AFD314BD2D7700EDAE7A /* mapTab.png */,
				E2B6174B14B21598008E175C /* greenbus.png */,
				E270F12014B1410800AA4531 /* greensquare.png */,
				E2B6173D14B1EA01008E175C /* redandgreensquare.png */,
				E2B6174C14B21598008E175C /* redbus.png */,
				E270F12114B1410800AA4531 /* redsquare.png */,
			);
			name = Images;
			sourceTree = "<group>";
		};
		E2B384F014BE511700465021 /* Reachability */ = {
			isa = PBXGroup;
			children = (
				E2B384F114BE51A200465021 /* Reachability.h */,
				E2B384F214BE51A200465021 /* Reachability.m */,
			);
			name = Reachability;
			sourceTree = "<group>";
		};
		E2E6142814AB9970007AF944 /* Webservice */ = {
			isa = PBXGroup;
			children = (
				E2E6142914AB998A007AF944 /* WebBus.h */,
				E2E6142A14AB998A007AF944 /* WebBus.m */,
				E2E6142C14AB99AE007AF944 /* WebBusstops.h */,
				E2E6142D14AB99AE007AF944 /* WebBusstops.m */,
				E2E6142F14AB99C3007AF944 /* WebLines.h */,
				E2E6143014AB99C3007AF944 /* WebLines.m */,
				E2E6143214ABA6BD007AF944 /* MaisMobilisWebService.h */,
				E2E6143314ABA6BD007AF944 /* MaisMobilisWebService.m */,
				E270F10D14B1398400AA4531 /* WebReferencePoint.h */,
				E270F10E14B1398400AA4531 /* WebReferencePoint.m */,
				D705BE4714B3E87100BE8DE4 /* WebEta.h */,
				D705BE4814B3E87100BE8DE4 /* WebEta.m */,
				E23BC1E714B91E0A00942484 /* WebBusstopLines.h */,
				E23BC1E814B91E0A00942484 /* WebBusstopLines.m */,
				E2B8CAAC14BBACE700705381 /* WebVersion.h */,
				E2B8CAAD14BBACE700705381 /* WebVersion.m */,
			);
			name = Webservice;
			sourceTree = "<group>";
		};
		E2E6143514ABA97B007AF944 /* SBJson */ = {
			isa = PBXGroup;
			children = (
				E2E6145D14ABAA57007AF944 /* JSON.h */,
				E2E6145E14ABAA57007AF944 /* NSObject+SBJson.h */,
				E2E6145F14ABAA57007AF944 /* NSObject+SBJson.m */,
				E2E6146014ABAA57007AF944 /* SBJson.h */,
				E2E6146114ABAA57007AF944 /* SBJsonParser.h */,
				E2E6146214ABAA57007AF944 /* SBJsonParser.m */,
				E2E6146314ABAA57007AF944 /* SBJsonStreamParser.h */,
				E2E6146414ABAA57007AF944 /* SBJsonStreamParser.m */,
				E2E6146514ABAA57007AF944 /* SBJsonStreamParserAccumulator.h */,
				E2E6146614ABAA57007AF944 /* SBJsonStreamParserAccumulator.m */,
				E2E6146714ABAA57007AF944 /* SBJsonStreamParserAdapter.h */,
				E2E6146814ABAA57007AF944 /* SBJsonStreamParserAdapter.m */,
				E2E6146914ABAA57007AF944 /* SBJsonStreamParserState.h */,
				E2E6146A14ABAA57007AF944 /* SBJsonStreamParserState.m */,
				E2E6146B14ABAA57007AF944 /* SBJsonStreamWriter.h */,
				E2E6146C14ABAA57007AF944 /* SBJsonStreamWriter.m */,
				E2E6146D14ABAA57007AF944 /* SBJsonStreamWriterAccumulator.h */,
				E2E6146E14ABAA57007AF944 /* SBJsonStreamWriterAccumulator.m */,
				E2E6146F14ABAA57007AF944 /* SBJsonStreamWriterState.h */,
				E2E6147014ABAA57007AF944 /* SBJsonStreamWriterState.m */,
				E2E6147114ABAA57007AF944 /* SBJsonTokeniser.h */,
				E2E6147214ABAA57007AF944 /* SBJsonTokeniser.m */,
				E2E6147314ABAA57007AF944 /* SBJsonUTF8Stream.h */,
				E2E6147414ABAA57007AF944 /* SBJsonUTF8Stream.m */,
				E2E6147514ABAA57007AF944 /* SBJsonWriter.h */,
				E2E6147614ABAA57007AF944 /* SBJsonWriter.m */,
			);
			name = SBJson;
			sourceTree = "<group>";
		};
/* End PBXGroup section */

/* Begin PBXNativeTarget section */
		E215E44E14AA979400C3A4F2 /* MaisMobilis */ = {
			isa = PBXNativeTarget;
			buildConfigurationList = E215E46C14AA979500C3A4F2 /* Build configuration list for PBXNativeTarget "MaisMobilis" */;
			buildPhases = (
				E215E44B14AA979400C3A4F2 /* Sources */,
				E215E44C14AA979400C3A4F2 /* Frameworks */,
				E215E44D14AA979400C3A4F2 /* Resources */,
			);
			buildRules = (
			);
			dependencies = (
			);
			name = MaisMobilis;
			productName = MaisMobilis;
			productReference = E215E44F14AA979400C3A4F2 /* MaisMobilis.app */;
			productType = "com.apple.product-type.application";
		};
/* End PBXNativeTarget section */

/* Begin PBXProject section */
		E215E44614AA979400C3A4F2 /* Project object */ = {
			isa = PBXProject;
			attributes = {
				LastUpgradeCheck = 0420;
			};
			buildConfigurationList = E215E44914AA979400C3A4F2 /* Build configuration list for PBXProject "MaisMobilis" */;
			compatibilityVersion = "Xcode 3.2";
			developmentRegion = English;
			hasScannedForEncodings = 0;
			knownRegions = (
				en,
			);
			mainGroup = E215E44414AA979400C3A4F2;
			productRefGroup = E215E45014AA979400C3A4F2 /* Products */;
			projectDirPath = "";
			projectRoot = "";
			targets = (
				E215E44E14AA979400C3A4F2 /* MaisMobilis */,
			);
		};
/* End PBXProject section */

/* Begin PBXResourcesBuildPhase section */
		E215E44D14AA979400C3A4F2 /* Resources */ = {
			isa = PBXResourcesBuildPhase;
			buildActionMask = 2147483647;
			files = (
				E215E46014AA979400C3A4F2 /* InfoPlist.strings in Resources */,
				D7888D3C14AD332B00554E8D /* Storyboard.storyboard in Resources */,
				E270F12214B1410800AA4531 /* greensquare.png in Resources */,
				E270F12314B1410800AA4531 /* redsquare.png in Resources */,
				E2B6173E14B1EA01008E175C /* redandgreensquare.png in Resources */,
				E2B6174D14B21598008E175C /* greenbus.png in Resources */,
				E2B6174E14B21598008E175C /* redbus.png in Resources */,
				D7C4AFD414BD2D7700EDAE7A /* mapTab.png in Resources */,
				D7C4AFD814BD3FC600EDAE7A /* logo.png in Resources */,
			);
			runOnlyForDeploymentPostprocessing = 0;
		};
/* End PBXResourcesBuildPhase section */

/* Begin PBXSourcesBuildPhase section */
		E215E44B14AA979400C3A4F2 /* Sources */ = {
			isa = PBXSourcesBuildPhase;
			buildActionMask = 2147483647;
			files = (
				E2E6148314ABAAF7007AF944 /* SBJsonStreamParser.h in Sources */,
				E215E46214AA979400C3A4F2 /* main.m in Sources */,
				E215E46614AA979500C3A4F2 /* AppDelegate.m in Sources */,
				E215E46914AA979500C3A4F2 /* MaisMobilis.xcdatamodeld in Sources */,
				D746590A14AA9B1D00F99E9C /* ASIAuthenticationDialog.m in Sources */,
				D746590B14AA9B1D00F99E9C /* ASIDataCompressor.m in Sources */,
				D746590C14AA9B1D00F99E9C /* ASIDataDecompressor.m in Sources */,
				D746590D14AA9B1D00F99E9C /* ASIDownloadCache.m in Sources */,
				D746590E14AA9B1D00F99E9C /* ASIFormDataRequest.m in Sources */,
				D746590F14AA9B1D00F99E9C /* ASIHTTPRequest.m in Sources */,
				D746591014AA9B1D00F99E9C /* ASIInputStream.m in Sources */,
				D746591114AA9B1D00F99E9C /* ASINetworkQueue.m in Sources */,
				D746591214AA9B1D00F99E9C /* Reachability.m in Sources */,
				E2E6142B14AB998A007AF944 /* WebBus.m in Sources */,
				E2E6142E14AB99AE007AF944 /* WebBusstops.m in Sources */,
				E2E6143114AB99C3007AF944 /* WebLines.m in Sources */,
				E2E6143414ABA6BD007AF944 /* MaisMobilisWebService.m in Sources */,
				E2E6147714ABAA57007AF944 /* NSObject+SBJson.m in Sources */,
				E2E6147814ABAA57007AF944 /* SBJsonParser.m in Sources */,
				E2E6147914ABAA57007AF944 /* SBJsonStreamParser.m in Sources */,
				E2E6147A14ABAA57007AF944 /* SBJsonStreamParserAccumulator.m in Sources */,
				E2E6147B14ABAA57007AF944 /* SBJsonStreamParserAdapter.m in Sources */,
				E2E6147C14ABAA57007AF944 /* SBJsonStreamParserState.m in Sources */,
				E2E6147D14ABAA57007AF944 /* SBJsonStreamWriter.m in Sources */,
				E2E6147E14ABAA57007AF944 /* SBJsonStreamWriterAccumulator.m in Sources */,
				E2E6147F14ABAA57007AF944 /* SBJsonStreamWriterState.m in Sources */,
				E2E6148014ABAA57007AF944 /* SBJsonTokeniser.m in Sources */,
				E2E6148114ABAA57007AF944 /* SBJsonUTF8Stream.m in Sources */,
				E2E6148214ABAA57007AF944 /* SBJsonWriter.m in Sources */,
				D7888D3914AD32F700554E8D /* MapViewController.m in Sources */,
				E270F10B14B12CDD00AA4531 /* BusstopAnnotation.m in Sources */,
				E270F10F14B1398400AA4531 /* WebReferencePoint.m in Sources */,
				E2B6175114B2221C008E175C /* BusAnnotation.m in Sources */,
				D7C7BFB814B34FB2007265CE /* BusesTableViewController.m in Sources */,
				D707693414B3BBD300B3936F /* BusesDetailViewController.m in Sources */,
				D705BE4914B3E87100BE8DE4 /* WebEta.m in Sources */,
				D705BE5014B3F1FD00BE8DE4 /* StopTableViewController.m in Sources */,
				D73EC08C14B628DC0013DAF3 /* BStopDetailViewController.m in Sources */,
				D76B224E14B67D3500338950 /* DataController.m in Sources */,
				E23BC1E914B91E0A00942484 /* WebBusstopLines.m in Sources */,
				D763279F14BA5C0000CB2C47 /* AlertTableViewController.m in Sources */,
				D78BFADC14BB521700A602B9 /* RoutesTableViewController.m in Sources */,
				D78BFAE614BB5BFB00A602B9 /* NewAlertViewController.m in Sources */,
				D78BFAE914BB5C7700A602B9 /* AlertDetailViewController.m in Sources */,
				D78BFAEC14BB5DAE00A602B9 /* RouteDetailViewController.m in Sources */,
				E2B8CAAE14BBACE700705381 /* WebVersion.m in Sources */,
				D759F68814BBD35300097C10 /* NewRouteTableViewController.m in Sources */,
				D7817B4714BC8FB000CBCD00 /* Alert.m in Sources */,
				D7817B4A14BC8FC500CBCD00 /* Bus.m in Sources */,
				D7817B4D14BC8FD800CBCD00 /* BusStop.m in Sources */,
				D7817B5314BC900300CBCD00 /* BusStop_Line.m in Sources */,
				D7817B5614BC901700CBCD00 /* Line.m in Sources */,
				D7817B5914BC902600CBCD00 /* ReferencePoint.m in Sources */,
				D7817B5C14BC903F00CBCD00 /* Route.m in Sources */,
				D790153914BC93270087EBE2 /* Version.m in Sources */,
				D7C4AFCD14BD22DB00EDAE7A /* RouteBusStopPickerTVController.m in Sources */,
			);
			runOnlyForDeploymentPostprocessing = 0;
		};
/* End PBXSourcesBuildPhase section */

/* Begin PBXVariantGroup section */
		E215E45E14AA979400C3A4F2 /* InfoPlist.strings */ = {
			isa = PBXVariantGroup;
			children = (
				E215E45F14AA979400C3A4F2 /* en */,
			);
			name = InfoPlist.strings;
			sourceTree = "<group>";
		};
/* End PBXVariantGroup section */

/* Begin XCBuildConfiguration section */
		E215E46A14AA979500C3A4F2 /* Debug */ = {
			isa = XCBuildConfiguration;
			buildSettings = {
				ALWAYS_SEARCH_USER_PATHS = NO;
				ARCHS = "$(ARCHS_STANDARD_32_BIT)";
				CLANG_ENABLE_OBJC_ARC = YES;
				"CODE_SIGN_IDENTITY[sdk=iphoneos*]" = "iPhone Developer";
				COPY_PHASE_STRIP = NO;
				GCC_C_LANGUAGE_STANDARD = gnu99;
				GCC_DYNAMIC_NO_PIC = NO;
				GCC_OPTIMIZATION_LEVEL = 0;
				GCC_PREPROCESSOR_DEFINITIONS = (
					"DEBUG=1",
					"$(inherited)",
				);
				GCC_SYMBOLS_PRIVATE_EXTERN = NO;
				GCC_VERSION = com.apple.compilers.llvm.clang.1_0;
				GCC_WARN_ABOUT_MISSING_PROTOTYPES = YES;
				GCC_WARN_ABOUT_RETURN_TYPE = YES;
				GCC_WARN_UNUSED_VARIABLE = YES;
				IPHONEOS_DEPLOYMENT_TARGET = 5.0;
				SDKROOT = iphoneos;
			};
			name = Debug;
		};
		E215E46B14AA979500C3A4F2 /* Release */ = {
			isa = XCBuildConfiguration;
			buildSettings = {
				ALWAYS_SEARCH_USER_PATHS = NO;
				ARCHS = "$(ARCHS_STANDARD_32_BIT)";
				CLANG_ENABLE_OBJC_ARC = YES;
				"CODE_SIGN_IDENTITY[sdk=iphoneos*]" = "iPhone Developer";
				COPY_PHASE_STRIP = YES;
				GCC_C_LANGUAGE_STANDARD = gnu99;
				GCC_VERSION = com.apple.compilers.llvm.clang.1_0;
				GCC_WARN_ABOUT_MISSING_PROTOTYPES = YES;
				GCC_WARN_ABOUT_RETURN_TYPE = YES;
				GCC_WARN_UNUSED_VARIABLE = YES;
				IPHONEOS_DEPLOYMENT_TARGET = 5.0;
				OTHER_CFLAGS = "-DNS_BLOCK_ASSERTIONS=1";
				SDKROOT = iphoneos;
				VALIDATE_PRODUCT = YES;
			};
			name = Release;
		};
		E215E46D14AA979500C3A4F2 /* Debug */ = {
			isa = XCBuildConfiguration;
			buildSettings = {
				GCC_PRECOMPILE_PREFIX_HEADER = YES;
				GCC_PREFIX_HEADER = "MaisMobilis/MaisMobilis-Prefix.pch";
				INFOPLIST_FILE = "MaisMobilis/MaisMobilis-Info.plist";
				PRODUCT_NAME = "$(TARGET_NAME)";
				WRAPPER_EXTENSION = app;
			};
			name = Debug;
		};
		E215E46E14AA979500C3A4F2 /* Release */ = {
			isa = XCBuildConfiguration;
			buildSettings = {
				GCC_PRECOMPILE_PREFIX_HEADER = YES;
				GCC_PREFIX_HEADER = "MaisMobilis/MaisMobilis-Prefix.pch";
				INFOPLIST_FILE = "MaisMobilis/MaisMobilis-Info.plist";
				PRODUCT_NAME = "$(TARGET_NAME)";
				WRAPPER_EXTENSION = app;
			};
			name = Release;
		};
/* End XCBuildConfiguration section */

/* Begin XCConfigurationList section */
		E215E44914AA979400C3A4F2 /* Build configuration list for PBXProject "MaisMobilis" */ = {
			isa = XCConfigurationList;
			buildConfigurations = (
				E215E46A14AA979500C3A4F2 /* Debug */,
				E215E46B14AA979500C3A4F2 /* Release */,
			);
			defaultConfigurationIsVisible = 0;
			defaultConfigurationName = Release;
		};
		E215E46C14AA979500C3A4F2 /* Build configuration list for PBXNativeTarget "MaisMobilis" */ = {
			isa = XCConfigurationList;
			buildConfigurations = (
				E215E46D14AA979500C3A4F2 /* Debug */,
				E215E46E14AA979500C3A4F2 /* Release */,
			);
			defaultConfigurationIsVisible = 0;
			defaultConfigurationName = Release;
		};
/* End XCConfigurationList section */

/* Begin XCVersionGroup section */
		E215E46714AA979500C3A4F2 /* MaisMobilis.xcdatamodeld */ = {
			isa = XCVersionGroup;
			children = (
				E215E46814AA979500C3A4F2 /* MaisMobilis.xcdatamodel */,
			);
			currentVersion = E215E46814AA979500C3A4F2 /* MaisMobilis.xcdatamodel */;
			path = MaisMobilis.xcdatamodeld;
			sourceTree = "<group>";
			versionGroupType = wrapper.xcdatamodel;
		};
/* End XCVersionGroup section */
	};
	rootObject = E215E44614AA979400C3A4F2 /* Project object */;
}
